PODS:
  - Alamofire (4.4.0)
  - CocoaAsyncSocket (7.5.1):
    - CocoaAsyncSocket/GCD (= 7.5.1)
  - CocoaAsyncSocket/GCD (7.5.1)
  - GzipSwift (3.1.4)
  - HyperTrack (0.4.29):
    - Alamofire (= 4.4.0)
    - GzipSwift
    - JustLog
    - SQLite.swift (= 0.11.2)
  - JustLog (1.2.0):
    - CocoaAsyncSocket (~> 7.5.0)
    - SwiftyBeaver (~> 1.1.1)
  - SQLite.swift (0.11.2):
    - SQLite.swift/standard (= 0.11.2)
  - SQLite.swift/standard (0.11.2)
  - SwiftyBeaver (1.1.4)

DEPENDENCIES:
  - HyperTrack

SPEC CHECKSUMS:
  Alamofire: dc44b1600b800eb63da6a19039a0083d62a6a62d
  CocoaAsyncSocket: e0a7e93b2ffa411592ff87e58524fbbc9b95b4fa
  GzipSwift: 11ddb2bf253b1cd7b60bb169da20f62ac4348769
  HyperTrack: b524f79c024092684713ceef264d7690c0e569d7
  JustLog: 035ff2d06efd8cae26aeaf05cb2471f03ee866bb
  SQLite.swift: 670c3e9e0a806bbfd56a3de5d530768dc0e6fe7c
  SwiftyBeaver: 9216b6e163c145628ccc7c0126df4287880d6e1e

PODFILE CHECKSUM: ecfd733b42222db23843041577020683f2455a01

COCOAPODS: 1.3.0.beta.2
