PODS:
  - Alamofire (4.4.0)
  - Branch (0.16.2):
    - Branch/Core (= 0.16.2)
    - Branch/without-IDFA (= 0.16.2)
    - Branch/without-Safari (= 0.16.2)
  - Branch/Core (0.16.2)
  - Branch/without-IDFA (0.16.2)
  - Branch/without-Safari (0.16.2)
  - CocoaAsyncSocket (7.5.1):
    - CocoaAsyncSocket/GCD (= 7.5.1)
  - CocoaAsyncSocket/GCD (7.5.1)
  - Crashlytics (3.8.5):
    - Fabric (~> 1.6.3)
  - Fabric (1.6.12)
  - FSCalendar (2.7.9)
  - GzipSwift (3.1.4)
  - HyperTrack (0.4.40):
    - Alamofire (= 4.4.0)
    - GzipSwift
    - JustLog
    - SQLite.swift (= 0.11.2)
  - JustLog (1.2.0):
    - CocoaAsyncSocket (~> 7.5.0)
    - SwiftyBeaver (~> 1.1.1)
  - MBProgressHUD (1.0.0)
  - PhoneNumberKit (1.2.3):
    - PhoneNumberKit/PhoneNumberKitCore (= 1.2.3)
    - PhoneNumberKit/UIKit (= 1.2.3)
  - PhoneNumberKit/PhoneNumberKitCore (1.2.3)
  - PhoneNumberKit/UIKit (1.2.3):
    - PhoneNumberKit/PhoneNumberKitCore
  - SQLite.swift (0.11.2):
    - SQLite.swift/standard (= 0.11.2)
  - SQLite.swift/standard (0.11.2)
  - SwiftyBeaver (1.1.4)

DEPENDENCIES:
  - Branch
  - Crashlytics
  - FSCalendar
  - HyperTrack
  - MBProgressHUD
  - PhoneNumberKit (~> 1.2)

SPEC CHECKSUMS:
  Alamofire: dc44b1600b800eb63da6a19039a0083d62a6a62d
  Branch: 41b7ee6b45f914cf58c10a9d555ac802142bc91c
  CocoaAsyncSocket: e0a7e93b2ffa411592ff87e58524fbbc9b95b4fa
  Crashlytics: dfbae35ef22ca189240d230ad501feea4ee85d2d
  Fabric: f050464eac45a2ce5a8e6e6a07e977c0df32fe28
  FSCalendar: a04b09f16f811bc92e82f3cf852a15225233b9d5
  GzipSwift: 11ddb2bf253b1cd7b60bb169da20f62ac4348769
  HyperTrack: c54ca3b339ea16552ac69f15a8cb90029b247d70
  JustLog: 035ff2d06efd8cae26aeaf05cb2471f03ee866bb
  MBProgressHUD: 4890f671c94e8a0f3cf959aa731e9de2f036d71a
  PhoneNumberKit: 1e5cca669113fc361a8c82ec1ee559c62b8cd0f7
  SQLite.swift: 670c3e9e0a806bbfd56a3de5d530768dc0e6fe7c
  SwiftyBeaver: 9216b6e163c145628ccc7c0126df4287880d6e1e

PODFILE CHECKSUM: 7039a7c8779240151f9b652cbdd8c7ddfce87a69

COCOAPODS: 1.3.0.beta.2
