PODS:
  - AppSyncRealTimeClient (1.0.1):
    - Starscream (~> 3.0.2)
  - AWSAppSync (3.0.2):
    - AppSyncRealTimeClient (~> 1.0.0)
    - AWSCore (~> 2.12.0)
    - ReachabilitySwift (~> 5.0.0)
    - SQLite.swift (~> 0.12.2)
  - AWSAuthCore (2.12.7):
    - AWSCore (= 2.12.7)
  - AWSCognitoIdentityProvider (2.12.7):
    - AWSCognitoIdentityProviderASF (= 1.0.1)
    - AWSCore (= 2.12.7)
  - AWSCognitoIdentityProviderASF (1.0.1)
  - AWSCore (2.12.7)
  - AWSMobileClient (2.12.7):
    - AWSAuthCore (= 2.12.7)
    - AWSCognitoIdentityProvider (= 2.12.7)
  - Branch (0.36.0)
  - HyperTrack (4.7.0):
    - HyperTrack/Swift (= 4.7.0)
  - HyperTrack/Swift (4.7.0)
  - HyperTrackViews/Core (0.6.0):
    - AWSAppSync (= 3.0.2)
  - HyperTrackViews/MapKit (0.6.0):
    - AWSAppSync (= 3.0.2)
    - HyperTrackViews/Core
  - lottie-ios (3.1.9)
  - ReachabilitySwift (5.0.0)
  - SQLite.swift (0.12.2):
    - SQLite.swift/standard (= 0.12.2)
  - SQLite.swift/standard (0.12.2)
  - Starscream (3.0.6)

DEPENDENCIES:
  - AWSMobileClient
  - Branch (= 0.36.0)
  - HyperTrack (= 4.7.0)
  - HyperTrackViews/MapKit (= 0.6.0)
  - lottie-ios (= 3.1.9)

SPEC REPOS:
  trunk:
    - AppSyncRealTimeClient
    - AWSAppSync
    - AWSAuthCore
    - AWSCognitoIdentityProvider
    - AWSCognitoIdentityProviderASF
    - AWSCore
    - AWSMobileClient
    - Branch
    - HyperTrack
    - HyperTrackViews
    - lottie-ios
    - ReachabilitySwift
    - SQLite.swift
    - Starscream

SPEC CHECKSUMS:
  AppSyncRealTimeClient: 63c44a04e7ce32e14f79836cc184cf800f71ac7a
  AWSAppSync: 8fba81ebe3ec9423e35d4efd035cc01322cf3ebd
  AWSAuthCore: 288cb737a35ff031fbf42edaa8d0062328791d4e
  AWSCognitoIdentityProvider: 4998bdbfbafe5038dae0237a598580e102e7b6b5
  AWSCognitoIdentityProviderASF: f94f1a502e72ef3d0a1de93e10bf7a79c8698118
  AWSCore: 2f0f88ae94a63a198274d683c7d0e18709d7090b
  AWSMobileClient: bf1fb0868f9187141ca7b69220383c14878c0a29
  Branch: 8aebcb7a6465f19f9f4d315acced369ae078d3f2
  HyperTrack: ad630d0ece08ccaad6050847d8c48cb27eb0c3de
  HyperTrackViews: 8c5068c2cb8d7337fe89d4c298085a2df83611cd
  lottie-ios: 3a3758ef5a008e762faec9c9d50a39842f26d124
  ReachabilitySwift: 985039c6f7b23a1da463388634119492ff86c825
  SQLite.swift: d2b4642190917051ce6bd1d49aab565fe794eea3
  Starscream: ef3ece99d765eeccb67de105bfa143f929026cf5

PODFILE CHECKSUM: 428c8337a0344a3a45a1b2932a4907e4588dbc16

COCOAPODS: 1.10.0
