// !$*UTF8*$!
{
	archiveVersion = 1;
	classes = {
	};
	objectVersion = 46;
	objects = {

/* Begin PBXBuildFile section */
		00B5DD7C9DCE0B8C432A3419 /* Pods_LiveLocationSharingStarterUITests.framework in Frameworks */ = {isa = PBXBuildFile; fileRef = 8CA92A233358A2E4A9D381A3 /* Pods_LiveLocationSharingStarterUITests.framework */; };
		AF3A85F2C9233DD1513847AD /* Pods_LiveLocationSharingStarter.framework in Frameworks */ = {isa = PBXBuildFile; fileRef = 8CAC4988D24097D4829C5BCA /* Pods_LiveLocationSharingStarter.framework */; };
		BB77A4E91F4D8230008527B4 /* UserProfileViewController.swift in Sources */ = {isa = PBXBuildFile; fileRef = BB77A4E81F4D8230008527B4 /* UserProfileViewController.swift */; };
		BB77A4EB1F4DA8AF008527B4 /* UIView+Extension.swift in Sources */ = {isa = PBXBuildFile; fileRef = BB77A4EA1F4DA8AF008527B4 /* UIView+Extension.swift */; };
		BB77A4ED1F4DAD70008527B4 /* ShareLiveLocationVC.swift in Sources */ = {isa = PBXBuildFile; fileRef = BB77A4EC1F4DAD70008527B4 /* ShareLiveLocationVC.swift */; };
		BB77A4EF1F4E9495008527B4 /* TrackLiveLocationVC.swift in Sources */ = {isa = PBXBuildFile; fileRef = BB77A4EE1F4E9495008527B4 /* TrackLiveLocationVC.swift */; };
		BB9AB43C1F4A7404002F653F /* AppDelegate.swift in Sources */ = {isa = PBXBuildFile; fileRef = BB9AB43B1F4A7404002F653F /* AppDelegate.swift */; };
		BB9AB43E1F4A7404002F653F /* ViewController.swift in Sources */ = {isa = PBXBuildFile; fileRef = BB9AB43D1F4A7404002F653F /* ViewController.swift */; };
		BB9AB4411F4A7404002F653F /* Main.storyboard in Resources */ = {isa = PBXBuildFile; fileRef = BB9AB43F1F4A7404002F653F /* Main.storyboard */; };
		BB9AB4431F4A7404002F653F /* Assets.xcassets in Resources */ = {isa = PBXBuildFile; fileRef = BB9AB4421F4A7404002F653F /* Assets.xcassets */; };
		BB9AB4461F4A7404002F653F /* LaunchScreen.storyboard in Resources */ = {isa = PBXBuildFile; fileRef = BB9AB4441F4A7404002F653F /* LaunchScreen.storyboard */; };
		BB9AB4511F4A7404002F653F /* LiveLocationSharingStarterTests.swift in Sources */ = {isa = PBXBuildFile; fileRef = BB9AB4501F4A7404002F653F /* LiveLocationSharingStarterTests.swift */; };
		BB9AB45C1F4A7404002F653F /* LiveLocationSharingStarterUITests.swift in Sources */ = {isa = PBXBuildFile; fileRef = BB9AB45B1F4A7404002F653F /* LiveLocationSharingStarterUITests.swift */; };
		EE1E878F6567F1EDD1394A64 /* Pods_LiveLocationSharingStarterTests.framework in Frameworks */ = {isa = PBXBuildFile; fileRef = EDA50F04D1A58E0915DCCB8E /* Pods_LiveLocationSharingStarterTests.framework */; };
/* End PBXBuildFile section */

/* Begin PBXContainerItemProxy section */
		BB9AB44D1F4A7404002F653F /* PBXContainerItemProxy */ = {
			isa = PBXContainerItemProxy;
			containerPortal = BB9AB4301F4A7404002F653F /* Project object */;
			proxyType = 1;
			remoteGlobalIDString = BB9AB4371F4A7404002F653F;
			remoteInfo = LiveLocationSharingStarter;
		};
		BB9AB4581F4A7404002F653F /* PBXContainerItemProxy */ = {
			isa = PBXContainerItemProxy;
			containerPortal = BB9AB4301F4A7404002F653F /* Project object */;
			proxyType = 1;
			remoteGlobalIDString = BB9AB4371F4A7404002F653F;
			remoteInfo = LiveLocationSharingStarter;
		};
/* End PBXContainerItemProxy section */

/* Begin PBXFileReference section */
		56FAB57EC4859301AB3C34D4 /* Pods-LiveLocationSharingStarterUITests.release.xcconfig */ = {isa = PBXFileReference; includeInIndex = 1; lastKnownFileType = text.xcconfig; name = "Pods-LiveLocationSharingStarterUITests.release.xcconfig"; path = "Pods/Target Support Files/Pods-LiveLocationSharingStarterUITests/Pods-LiveLocationSharingStarterUITests.release.xcconfig"; sourceTree = "<group>"; };
		6570F362DD1AD102B7CE4677 /* Pods-LiveLocationSharingStarterTests.debug.xcconfig */ = {isa = PBXFileReference; includeInIndex = 1; lastKnownFileType = text.xcconfig; name = "Pods-LiveLocationSharingStarterTests.debug.xcconfig"; path = "Pods/Target Support Files/Pods-LiveLocationSharingStarterTests/Pods-LiveLocationSharingStarterTests.debug.xcconfig"; sourceTree = "<group>"; };
		8CA92A233358A2E4A9D381A3 /* Pods_LiveLocationSharingStarterUITests.framework */ = {isa = PBXFileReference; explicitFileType = wrapper.framework; includeInIndex = 0; path = Pods_LiveLocationSharingStarterUITests.framework; sourceTree = BUILT_PRODUCTS_DIR; };
		8CAC4988D24097D4829C5BCA /* Pods_LiveLocationSharingStarter.framework */ = {isa = PBXFileReference; explicitFileType = wrapper.framework; includeInIndex = 0; path = Pods_LiveLocationSharingStarter.framework; sourceTree = BUILT_PRODUCTS_DIR; };
		AFC1932D94F32BFA153CDBB8 /* Pods-LiveLocationSharingStarter.release.xcconfig */ = {isa = PBXFileReference; includeInIndex = 1; lastKnownFileType = text.xcconfig; name = "Pods-LiveLocationSharingStarter.release.xcconfig"; path = "Pods/Target Support Files/Pods-LiveLocationSharingStarter/Pods-LiveLocationSharingStarter.release.xcconfig"; sourceTree = "<group>"; };
		BB77A4E81F4D8230008527B4 /* UserProfileViewController.swift */ = {isa = PBXFileReference; fileEncoding = 4; lastKnownFileType = sourcecode.swift; path = UserProfileViewController.swift; sourceTree = "<group>"; };
		BB77A4EA1F4DA8AF008527B4 /* UIView+Extension.swift */ = {isa = PBXFileReference; fileEncoding = 4; lastKnownFileType = sourcecode.swift; path = "UIView+Extension.swift"; sourceTree = "<group>"; };
		BB77A4EC1F4DAD70008527B4 /* ShareLiveLocationVC.swift */ = {isa = PBXFileReference; fileEncoding = 4; lastKnownFileType = sourcecode.swift; path = ShareLiveLocationVC.swift; sourceTree = "<group>"; };
		BB77A4EE1F4E9495008527B4 /* TrackLiveLocationVC.swift */ = {isa = PBXFileReference; fileEncoding = 4; lastKnownFileType = sourcecode.swift; path = TrackLiveLocationVC.swift; sourceTree = "<group>"; };
		BB9AB4381F4A7404002F653F /* LiveLocationSharingStarter.app */ = {isa = PBXFileReference; explicitFileType = wrapper.application; includeInIndex = 0; path = LiveLocationSharingStarter.app; sourceTree = BUILT_PRODUCTS_DIR; };
		BB9AB43B1F4A7404002F653F /* AppDelegate.swift */ = {isa = PBXFileReference; lastKnownFileType = sourcecode.swift; path = AppDelegate.swift; sourceTree = "<group>"; };
		BB9AB43D1F4A7404002F653F /* ViewController.swift */ = {isa = PBXFileReference; lastKnownFileType = sourcecode.swift; path = ViewController.swift; sourceTree = "<group>"; };
		BB9AB4401F4A7404002F653F /* Base */ = {isa = PBXFileReference; lastKnownFileType = file.storyboard; name = Base; path = Base.lproj/Main.storyboard; sourceTree = "<group>"; };
		BB9AB4421F4A7404002F653F /* Assets.xcassets */ = {isa = PBXFileReference; lastKnownFileType = folder.assetcatalog; path = Assets.xcassets; sourceTree = "<group>"; };
		BB9AB4451F4A7404002F653F /* Base */ = {isa = PBXFileReference; lastKnownFileType = file.storyboard; name = Base; path = Base.lproj/LaunchScreen.storyboard; sourceTree = "<group>"; };
		BB9AB4471F4A7404002F653F /* Info.plist */ = {isa = PBXFileReference; lastKnownFileType = text.plist.xml; path = Info.plist; sourceTree = "<group>"; };
		BB9AB44C1F4A7404002F653F /* LiveLocationSharingStarterTests.xctest */ = {isa = PBXFileReference; explicitFileType = wrapper.cfbundle; includeInIndex = 0; path = LiveLocationSharingStarterTests.xctest; sourceTree = BUILT_PRODUCTS_DIR; };
		BB9AB4501F4A7404002F653F /* LiveLocationSharingStarterTests.swift */ = {isa = PBXFileReference; lastKnownFileType = sourcecode.swift; path = LiveLocationSharingStarterTests.swift; sourceTree = "<group>"; };
		BB9AB4521F4A7404002F653F /* Info.plist */ = {isa = PBXFileReference; lastKnownFileType = text.plist.xml; path = Info.plist; sourceTree = "<group>"; };
		BB9AB4571F4A7404002F653F /* LiveLocationSharingStarterUITests.xctest */ = {isa = PBXFileReference; explicitFileType = wrapper.cfbundle; includeInIndex = 0; path = LiveLocationSharingStarterUITests.xctest; sourceTree = BUILT_PRODUCTS_DIR; };
		BB9AB45B1F4A7404002F653F /* LiveLocationSharingStarterUITests.swift */ = {isa = PBXFileReference; lastKnownFileType = sourcecode.swift; path = LiveLocationSharingStarterUITests.swift; sourceTree = "<group>"; };
		BB9AB45D1F4A7404002F653F /* Info.plist */ = {isa = PBXFileReference; lastKnownFileType = text.plist.xml; path = Info.plist; sourceTree = "<group>"; };
		D54270AD14CB30C7DC265C79 /* Pods-LiveLocationSharingStarter.debug.xcconfig */ = {isa = PBXFileReference; includeInIndex = 1; lastKnownFileType = text.xcconfig; name = "Pods-LiveLocationSharingStarter.debug.xcconfig"; path = "Pods/Target Support Files/Pods-LiveLocationSharingStarter/Pods-LiveLocationSharingStarter.debug.xcconfig"; sourceTree = "<group>"; };
		DA35A7303F07A3FC3F266E78 /* Pods-LiveLocationSharingStarterTests.release.xcconfig */ = {isa = PBXFileReference; includeInIndex = 1; lastKnownFileType = text.xcconfig; name = "Pods-LiveLocationSharingStarterTests.release.xcconfig"; path = "Pods/Target Support Files/Pods-LiveLocationSharingStarterTests/Pods-LiveLocationSharingStarterTests.release.xcconfig"; sourceTree = "<group>"; };
		E0E5F2BBF47C4C9974BDE172 /* Pods-LiveLocationSharingStarterUITests.debug.xcconfig */ = {isa = PBXFileReference; includeInIndex = 1; lastKnownFileType = text.xcconfig; name = "Pods-LiveLocationSharingStarterUITests.debug.xcconfig"; path = "Pods/Target Support Files/Pods-LiveLocationSharingStarterUITests/Pods-LiveLocationSharingStarterUITests.debug.xcconfig"; sourceTree = "<group>"; };
		EDA50F04D1A58E0915DCCB8E /* Pods_LiveLocationSharingStarterTests.framework */ = {isa = PBXFileReference; explicitFileType = wrapper.framework; includeInIndex = 0; path = Pods_LiveLocationSharingStarterTests.framework; sourceTree = BUILT_PRODUCTS_DIR; };
/* End PBXFileReference section */

/* Begin PBXFrameworksBuildPhase section */
		BB9AB4351F4A7404002F653F /* Frameworks */ = {
			isa = PBXFrameworksBuildPhase;
			buildActionMask = 2147483647;
			files = (
				AF3A85F2C9233DD1513847AD /* Pods_LiveLocationSharingStarter.framework in Frameworks */,
			);
			runOnlyForDeploymentPostprocessing = 0;
		};
		BB9AB4491F4A7404002F653F /* Frameworks */ = {
			isa = PBXFrameworksBuildPhase;
			buildActionMask = 2147483647;
			files = (
				EE1E878F6567F1EDD1394A64 /* Pods_LiveLocationSharingStarterTests.framework in Frameworks */,
			);
			runOnlyForDeploymentPostprocessing = 0;
		};
		BB9AB4541F4A7404002F653F /* Frameworks */ = {
			isa = PBXFrameworksBuildPhase;
			buildActionMask = 2147483647;
			files = (
				00B5DD7C9DCE0B8C432A3419 /* Pods_LiveLocationSharingStarterUITests.framework in Frameworks */,
			);
			runOnlyForDeploymentPostprocessing = 0;
		};
/* End PBXFrameworksBuildPhase section */

/* Begin PBXGroup section */
		172DCF921C3584A2F57D65C3 /* Pods */ = {
			isa = PBXGroup;
			children = (
				D54270AD14CB30C7DC265C79 /* Pods-LiveLocationSharingStarter.debug.xcconfig */,
				AFC1932D94F32BFA153CDBB8 /* Pods-LiveLocationSharingStarter.release.xcconfig */,
				6570F362DD1AD102B7CE4677 /* Pods-LiveLocationSharingStarterTests.debug.xcconfig */,
				DA35A7303F07A3FC3F266E78 /* Pods-LiveLocationSharingStarterTests.release.xcconfig */,
				E0E5F2BBF47C4C9974BDE172 /* Pods-LiveLocationSharingStarterUITests.debug.xcconfig */,
				56FAB57EC4859301AB3C34D4 /* Pods-LiveLocationSharingStarterUITests.release.xcconfig */,
			);
			name = Pods;
			sourceTree = "<group>";
		};
		BB9AB42F1F4A7404002F653F = {
			isa = PBXGroup;
			children = (
				BB9AB43A1F4A7404002F653F /* LiveLocationSharingStarter */,
				BB9AB44F1F4A7404002F653F /* LiveLocationSharingStarterTests */,
				BB9AB45A1F4A7404002F653F /* LiveLocationSharingStarterUITests */,
				BB9AB4391F4A7404002F653F /* Products */,
				172DCF921C3584A2F57D65C3 /* Pods */,
				FB8C244664206D640C9C06B0 /* Frameworks */,
			);
			sourceTree = "<group>";
		};
		BB9AB4391F4A7404002F653F /* Products */ = {
			isa = PBXGroup;
			children = (
				BB9AB4381F4A7404002F653F /* LiveLocationSharingStarter.app */,
				BB9AB44C1F4A7404002F653F /* LiveLocationSharingStarterTests.xctest */,
				BB9AB4571F4A7404002F653F /* LiveLocationSharingStarterUITests.xctest */,
			);
			name = Products;
			sourceTree = "<group>";
		};
		BB9AB43A1F4A7404002F653F /* LiveLocationSharingStarter */ = {
			isa = PBXGroup;
			children = (
				BB77A4EA1F4DA8AF008527B4 /* UIView+Extension.swift */,
				BB9AB43B1F4A7404002F653F /* AppDelegate.swift */,
				BB9AB43D1F4A7404002F653F /* ViewController.swift */,
				BB9AB43F1F4A7404002F653F /* Main.storyboard */,
				BB9AB4421F4A7404002F653F /* Assets.xcassets */,
				BB9AB4441F4A7404002F653F /* LaunchScreen.storyboard */,
				BB9AB4471F4A7404002F653F /* Info.plist */,
				BB77A4E81F4D8230008527B4 /* UserProfileViewController.swift */,
				BB77A4EC1F4DAD70008527B4 /* ShareLiveLocationVC.swift */,
				BB77A4EE1F4E9495008527B4 /* TrackLiveLocationVC.swift */,
			);
			path = LiveLocationSharingStarter;
			sourceTree = "<group>";
		};
		BB9AB44F1F4A7404002F653F /* LiveLocationSharingStarterTests */ = {
			isa = PBXGroup;
			children = (
				BB9AB4501F4A7404002F653F /* LiveLocationSharingStarterTests.swift */,
				BB9AB4521F4A7404002F653F /* Info.plist */,
			);
			path = LiveLocationSharingStarterTests;
			sourceTree = "<group>";
		};
		BB9AB45A1F4A7404002F653F /* LiveLocationSharingStarterUITests */ = {
			isa = PBXGroup;
			children = (
				BB9AB45B1F4A7404002F653F /* LiveLocationSharingStarterUITests.swift */,
				BB9AB45D1F4A7404002F653F /* Info.plist */,
			);
			path = LiveLocationSharingStarterUITests;
			sourceTree = "<group>";
		};
		FB8C244664206D640C9C06B0 /* Frameworks */ = {
			isa = PBXGroup;
			children = (
				8CAC4988D24097D4829C5BCA /* Pods_LiveLocationSharingStarter.framework */,
				EDA50F04D1A58E0915DCCB8E /* Pods_LiveLocationSharingStarterTests.framework */,
				8CA92A233358A2E4A9D381A3 /* Pods_LiveLocationSharingStarterUITests.framework */,
			);
			name = Frameworks;
			sourceTree = "<group>";
		};
/* End PBXGroup section */

/* Begin PBXNativeTarget section */
		BB9AB4371F4A7404002F653F /* LiveLocationSharingStarter */ = {
			isa = PBXNativeTarget;
			buildConfigurationList = BB9AB4601F4A7404002F653F /* Build configuration list for PBXNativeTarget "LiveLocationSharingStarter" */;
			buildPhases = (
				61EADCEE3586A78B2E4DBE04 /* [CP] Check Pods Manifest.lock */,
				BB9AB4341F4A7404002F653F /* Sources */,
				BB9AB4351F4A7404002F653F /* Frameworks */,
				BB9AB4361F4A7404002F653F /* Resources */,
				B7DBCA0FAE9BF54D7F01497B /* [CP] Embed Pods Frameworks */,
				029D301BD39C4A24760476CB /* [CP] Copy Pods Resources */,
			);
			buildRules = (
			);
			dependencies = (
			);
			name = LiveLocationSharingStarter;
			productName = LiveLocationSharingStarter;
			productReference = BB9AB4381F4A7404002F653F /* LiveLocationSharingStarter.app */;
			productType = "com.apple.product-type.application";
		};
		BB9AB44B1F4A7404002F653F /* LiveLocationSharingStarterTests */ = {
			isa = PBXNativeTarget;
			buildConfigurationList = BB9AB4631F4A7404002F653F /* Build configuration list for PBXNativeTarget "LiveLocationSharingStarterTests" */;
			buildPhases = (
				C76DA19512409A441A16AF7C /* [CP] Check Pods Manifest.lock */,
				BB9AB4481F4A7404002F653F /* Sources */,
				BB9AB4491F4A7404002F653F /* Frameworks */,
				BB9AB44A1F4A7404002F653F /* Resources */,
				1CAA64682C166623466DA2D7 /* [CP] Embed Pods Frameworks */,
				BDDBBAAD1AE2C0800AC9A1E8 /* [CP] Copy Pods Resources */,
			);
			buildRules = (
			);
			dependencies = (
				BB9AB44E1F4A7404002F653F /* PBXTargetDependency */,
			);
			name = LiveLocationSharingStarterTests;
			productName = LiveLocationSharingStarterTests;
			productReference = BB9AB44C1F4A7404002F653F /* LiveLocationSharingStarterTests.xctest */;
			productType = "com.apple.product-type.bundle.unit-test";
		};
		BB9AB4561F4A7404002F653F /* LiveLocationSharingStarterUITests */ = {
			isa = PBXNativeTarget;
			buildConfigurationList = BB9AB4661F4A7404002F653F /* Build configuration list for PBXNativeTarget "LiveLocationSharingStarterUITests" */;
			buildPhases = (
				6BA9DB2320088271E7C566B0 /* [CP] Check Pods Manifest.lock */,
				BB9AB4531F4A7404002F653F /* Sources */,
				BB9AB4541F4A7404002F653F /* Frameworks */,
				BB9AB4551F4A7404002F653F /* Resources */,
				2EE26197E37AA3234DED96DF /* [CP] Embed Pods Frameworks */,
				AC794D98F9CCDEFC79F8382A /* [CP] Copy Pods Resources */,
			);
			buildRules = (
			);
			dependencies = (
				BB9AB4591F4A7404002F653F /* PBXTargetDependency */,
			);
			name = LiveLocationSharingStarterUITests;
			productName = LiveLocationSharingStarterUITests;
			productReference = BB9AB4571F4A7404002F653F /* LiveLocationSharingStarterUITests.xctest */;
			productType = "com.apple.product-type.bundle.ui-testing";
		};
/* End PBXNativeTarget section */

/* Begin PBXProject section */
		BB9AB4301F4A7404002F653F /* Project object */ = {
			isa = PBXProject;
			attributes = {
				LastSwiftUpdateCheck = 0830;
				LastUpgradeCheck = 0830;
				ORGANIZATIONNAME = "Ravi Jain";
				TargetAttributes = {
					BB9AB4371F4A7404002F653F = {
						CreatedOnToolsVersion = 8.3.3;
						DevelopmentTeam = H4925W78YQ;
						ProvisioningStyle = Automatic;
						SystemCapabilities = {
							com.apple.BackgroundModes = {
								enabled = 1;
							};
						};
					};
					BB9AB44B1F4A7404002F653F = {
						CreatedOnToolsVersion = 8.3.3;
						DevelopmentTeam = H4925W78YQ;
						ProvisioningStyle = Automatic;
						TestTargetID = BB9AB4371F4A7404002F653F;
					};
					BB9AB4561F4A7404002F653F = {
						CreatedOnToolsVersion = 8.3.3;
						DevelopmentTeam = H4925W78YQ;
						ProvisioningStyle = Automatic;
						TestTargetID = BB9AB4371F4A7404002F653F;
					};
				};
			};
			buildConfigurationList = BB9AB4331F4A7404002F653F /* Build configuration list for PBXProject "LiveLocationSharingStarter" */;
			compatibilityVersion = "Xcode 3.2";
			developmentRegion = English;
			hasScannedForEncodings = 0;
			knownRegions = (
				en,
				Base,
			);
			mainGroup = BB9AB42F1F4A7404002F653F;
			productRefGroup = BB9AB4391F4A7404002F653F /* Products */;
			projectDirPath = "";
			projectRoot = "";
			targets = (
				BB9AB4371F4A7404002F653F /* LiveLocationSharingStarter */,
				BB9AB44B1F4A7404002F653F /* LiveLocationSharingStarterTests */,
				BB9AB4561F4A7404002F653F /* LiveLocationSharingStarterUITests */,
			);
		};
/* End PBXProject section */

/* Begin PBXResourcesBuildPhase section */
		BB9AB4361F4A7404002F653F /* Resources */ = {
			isa = PBXResourcesBuildPhase;
			buildActionMask = 2147483647;
			files = (
				BB9AB4461F4A7404002F653F /* LaunchScreen.storyboard in Resources */,
				BB9AB4431F4A7404002F653F /* Assets.xcassets in Resources */,
				BB9AB4411F4A7404002F653F /* Main.storyboard in Resources */,
			);
			runOnlyForDeploymentPostprocessing = 0;
		};
		BB9AB44A1F4A7404002F653F /* Resources */ = {
			isa = PBXResourcesBuildPhase;
			buildActionMask = 2147483647;
			files = (
			);
			runOnlyForDeploymentPostprocessing = 0;
		};
		BB9AB4551F4A7404002F653F /* Resources */ = {
			isa = PBXResourcesBuildPhase;
			buildActionMask = 2147483647;
			files = (
			);
			runOnlyForDeploymentPostprocessing = 0;
		};
/* End PBXResourcesBuildPhase section */

/* Begin PBXShellScriptBuildPhase section */
		029D301BD39C4A24760476CB /* [CP] Copy Pods Resources */ = {
			isa = PBXShellScriptBuildPhase;
			buildActionMask = 2147483647;
			files = (
			);
			inputPaths = (
			);
			name = "[CP] Copy Pods Resources";
			outputPaths = (
			);
			runOnlyForDeploymentPostprocessing = 0;
			shellPath = /bin/sh;
			shellScript = "\"${SRCROOT}/Pods/Target Support Files/Pods-LiveLocationSharingStarter/Pods-LiveLocationSharingStarter-resources.sh\"\n";
			showEnvVarsInLog = 0;
		};
		1CAA64682C166623466DA2D7 /* [CP] Embed Pods Frameworks */ = {
			isa = PBXShellScriptBuildPhase;
			buildActionMask = 2147483647;
			files = (
			);
			inputPaths = (
			);
			name = "[CP] Embed Pods Frameworks";
			outputPaths = (
			);
			runOnlyForDeploymentPostprocessing = 0;
			shellPath = /bin/sh;
			shellScript = "\"${SRCROOT}/Pods/Target Support Files/Pods-LiveLocationSharingStarterTests/Pods-LiveLocationSharingStarterTests-frameworks.sh\"\n";
			showEnvVarsInLog = 0;
		};
		2EE26197E37AA3234DED96DF /* [CP] Embed Pods Frameworks */ = {
			isa = PBXShellScriptBuildPhase;
			buildActionMask = 2147483647;
			files = (
			);
			inputPaths = (
			);
			name = "[CP] Embed Pods Frameworks";
			outputPaths = (
			);
			runOnlyForDeploymentPostprocessing = 0;
			shellPath = /bin/sh;
			shellScript = "\"${SRCROOT}/Pods/Target Support Files/Pods-LiveLocationSharingStarterUITests/Pods-LiveLocationSharingStarterUITests-frameworks.sh\"\n";
			showEnvVarsInLog = 0;
		};
		61EADCEE3586A78B2E4DBE04 /* [CP] Check Pods Manifest.lock */ = {
			isa = PBXShellScriptBuildPhase;
			buildActionMask = 2147483647;
			files = (
			);
			inputPaths = (
				"${PODS_PODFILE_DIR_PATH}/Podfile.lock",
				"${PODS_ROOT}/Manifest.lock",
			);
			name = "[CP] Check Pods Manifest.lock";
			outputPaths = (
				"$(DERIVED_FILE_DIR)/Pods-LiveLocationSharingStarter-checkManifestLockResult.txt",
			);
			runOnlyForDeploymentPostprocessing = 0;
			shellPath = /bin/sh;
			shellScript = "diff \"${PODS_PODFILE_DIR_PATH}/Podfile.lock\" \"${PODS_ROOT}/Manifest.lock\" > /dev/null\nif [ $? != 0 ] ; then\n    # print error to STDERR\n    echo \"error: The sandbox is not in sync with the Podfile.lock. Run 'pod install' or update your CocoaPods installation.\" >&2\n    exit 1\nfi\n# This output is used by Xcode 'outputs' to avoid re-running this script phase.\necho \"SUCCESS\" > \"${SCRIPT_OUTPUT_FILE_0}\"\n";
			showEnvVarsInLog = 0;
		};
		6BA9DB2320088271E7C566B0 /* [CP] Check Pods Manifest.lock */ = {
			isa = PBXShellScriptBuildPhase;
			buildActionMask = 2147483647;
			files = (
			);
			inputPaths = (
				"${PODS_PODFILE_DIR_PATH}/Podfile.lock",
				"${PODS_ROOT}/Manifest.lock",
			);
			name = "[CP] Check Pods Manifest.lock";
			outputPaths = (
				"$(DERIVED_FILE_DIR)/Pods-LiveLocationSharingStarterUITests-checkManifestLockResult.txt",
			);
			runOnlyForDeploymentPostprocessing = 0;
			shellPath = /bin/sh;
			shellScript = "diff \"${PODS_PODFILE_DIR_PATH}/Podfile.lock\" \"${PODS_ROOT}/Manifest.lock\" > /dev/null\nif [ $? != 0 ] ; then\n    # print error to STDERR\n    echo \"error: The sandbox is not in sync with the Podfile.lock. Run 'pod install' or update your CocoaPods installation.\" >&2\n    exit 1\nfi\n# This output is used by Xcode 'outputs' to avoid re-running this script phase.\necho \"SUCCESS\" > \"${SCRIPT_OUTPUT_FILE_0}\"\n";
			showEnvVarsInLog = 0;
		};
		AC794D98F9CCDEFC79F8382A /* [CP] Copy Pods Resources */ = {
			isa = PBXShellScriptBuildPhase;
			buildActionMask = 2147483647;
			files = (
			);
			inputPaths = (
			);
			name = "[CP] Copy Pods Resources";
			outputPaths = (
			);
			runOnlyForDeploymentPostprocessing = 0;
			shellPath = /bin/sh;
			shellScript = "\"${SRCROOT}/Pods/Target Support Files/Pods-LiveLocationSharingStarterUITests/Pods-LiveLocationSharingStarterUITests-resources.sh\"\n";
			showEnvVarsInLog = 0;
		};
		B7DBCA0FAE9BF54D7F01497B /* [CP] Embed Pods Frameworks */ = {
			isa = PBXShellScriptBuildPhase;
			buildActionMask = 2147483647;
			files = (
			);
			inputPaths = (
				"${SRCROOT}/Pods/Target Support Files/Pods-LiveLocationSharingStarter/Pods-LiveLocationSharingStarter-frameworks.sh",
				"${BUILT_PRODUCTS_DIR}/Alamofire/Alamofire.framework",
				"${BUILT_PRODUCTS_DIR}/CocoaAsyncSocket/CocoaAsyncSocket.framework",
				"${BUILT_PRODUCTS_DIR}/GzipSwift/Gzip.framework",
				"${BUILT_PRODUCTS_DIR}/HyperTrack.local/HyperTrack.framework",
				"${BUILT_PRODUCTS_DIR}/JustLog/JustLog.framework",
				"${BUILT_PRODUCTS_DIR}/MBProgressHUD/MBProgressHUD.framework",
				"${BUILT_PRODUCTS_DIR}/SQLite.swift/SQLite.framework",
				"${BUILT_PRODUCTS_DIR}/SwiftyBeaver/SwiftyBeaver.framework",
			);
			name = "[CP] Embed Pods Frameworks";
			outputPaths = (
				"${TARGET_BUILD_DIR}/${FRAMEWORKS_FOLDER_PATH}/Alamofire.framework",
				"${TARGET_BUILD_DIR}/${FRAMEWORKS_FOLDER_PATH}/CocoaAsyncSocket.framework",
				"${TARGET_BUILD_DIR}/${FRAMEWORKS_FOLDER_PATH}/Gzip.framework",
				"${TARGET_BUILD_DIR}/${FRAMEWORKS_FOLDER_PATH}/HyperTrack.framework",
				"${TARGET_BUILD_DIR}/${FRAMEWORKS_FOLDER_PATH}/JustLog.framework",
				"${TARGET_BUILD_DIR}/${FRAMEWORKS_FOLDER_PATH}/MBProgressHUD.framework",
				"${TARGET_BUILD_DIR}/${FRAMEWORKS_FOLDER_PATH}/SQLite.framework",
				"${TARGET_BUILD_DIR}/${FRAMEWORKS_FOLDER_PATH}/SwiftyBeaver.framework",
			);
			runOnlyForDeploymentPostprocessing = 0;
			shellPath = /bin/sh;
			shellScript = "\"${SRCROOT}/Pods/Target Support Files/Pods-LiveLocationSharingStarter/Pods-LiveLocationSharingStarter-frameworks.sh\"\n";
			showEnvVarsInLog = 0;
		};
		BDDBBAAD1AE2C0800AC9A1E8 /* [CP] Copy Pods Resources */ = {
			isa = PBXShellScriptBuildPhase;
			buildActionMask = 2147483647;
			files = (
			);
			inputPaths = (
			);
			name = "[CP] Copy Pods Resources";
			outputPaths = (
			);
			runOnlyForDeploymentPostprocessing = 0;
			shellPath = /bin/sh;
			shellScript = "\"${SRCROOT}/Pods/Target Support Files/Pods-LiveLocationSharingStarterTests/Pods-LiveLocationSharingStarterTests-resources.sh\"\n";
			showEnvVarsInLog = 0;
		};
		C76DA19512409A441A16AF7C /* [CP] Check Pods Manifest.lock */ = {
			isa = PBXShellScriptBuildPhase;
			buildActionMask = 2147483647;
			files = (
			);
			inputPaths = (
				"${PODS_PODFILE_DIR_PATH}/Podfile.lock",
				"${PODS_ROOT}/Manifest.lock",
			);
			name = "[CP] Check Pods Manifest.lock";
			outputPaths = (
				"$(DERIVED_FILE_DIR)/Pods-LiveLocationSharingStarterTests-checkManifestLockResult.txt",
			);
			runOnlyForDeploymentPostprocessing = 0;
			shellPath = /bin/sh;
			shellScript = "diff \"${PODS_PODFILE_DIR_PATH}/Podfile.lock\" \"${PODS_ROOT}/Manifest.lock\" > /dev/null\nif [ $? != 0 ] ; then\n    # print error to STDERR\n    echo \"error: The sandbox is not in sync with the Podfile.lock. Run 'pod install' or update your CocoaPods installation.\" >&2\n    exit 1\nfi\n# This output is used by Xcode 'outputs' to avoid re-running this script phase.\necho \"SUCCESS\" > \"${SCRIPT_OUTPUT_FILE_0}\"\n";
			showEnvVarsInLog = 0;
		};
/* End PBXShellScriptBuildPhase section */

/* Begin PBXSourcesBuildPhase section */
		BB9AB4341F4A7404002F653F /* Sources */ = {
			isa = PBXSourcesBuildPhase;
			buildActionMask = 2147483647;
			files = (
				BB9AB43E1F4A7404002F653F /* ViewController.swift in Sources */,
				BB77A4E91F4D8230008527B4 /* UserProfileViewController.swift in Sources */,
				BB77A4ED1F4DAD70008527B4 /* ShareLiveLocationVC.swift in Sources */,
				BB77A4EB1F4DA8AF008527B4 /* UIView+Extension.swift in Sources */,
				BB9AB43C1F4A7404002F653F /* AppDelegate.swift in Sources */,
				BB77A4EF1F4E9495008527B4 /* TrackLiveLocationVC.swift in Sources */,
			);
			runOnlyForDeploymentPostprocessing = 0;
		};
		BB9AB4481F4A7404002F653F /* Sources */ = {
			isa = PBXSourcesBuildPhase;
			buildActionMask = 2147483647;
			files = (
				BB9AB4511F4A7404002F653F /* LiveLocationSharingStarterTests.swift in Sources */,
			);
			runOnlyForDeploymentPostprocessing = 0;
		};
		BB9AB4531F4A7404002F653F /* Sources */ = {
			isa = PBXSourcesBuildPhase;
			buildActionMask = 2147483647;
			files = (
				BB9AB45C1F4A7404002F653F /* LiveLocationSharingStarterUITests.swift in Sources */,
			);
			runOnlyForDeploymentPostprocessing = 0;
		};
/* End PBXSourcesBuildPhase section */

/* Begin PBXTargetDependency section */
		BB9AB44E1F4A7404002F653F /* PBXTargetDependency */ = {
			isa = PBXTargetDependency;
			target = BB9AB4371F4A7404002F653F /* LiveLocationSharingStarter */;
			targetProxy = BB9AB44D1F4A7404002F653F /* PBXContainerItemProxy */;
		};
		BB9AB4591F4A7404002F653F /* PBXTargetDependency */ = {
			isa = PBXTargetDependency;
			target = BB9AB4371F4A7404002F653F /* LiveLocationSharingStarter */;
			targetProxy = BB9AB4581F4A7404002F653F /* PBXContainerItemProxy */;
		};
/* End PBXTargetDependency section */

/* Begin PBXVariantGroup section */
		BB9AB43F1F4A7404002F653F /* Main.storyboard */ = {
			isa = PBXVariantGroup;
			children = (
				BB9AB4401F4A7404002F653F /* Base */,
			);
			name = Main.storyboard;
			sourceTree = "<group>";
		};
		BB9AB4441F4A7404002F653F /* LaunchScreen.storyboard */ = {
			isa = PBXVariantGroup;
			children = (
				BB9AB4451F4A7404002F653F /* Base */,
			);
			name = LaunchScreen.storyboard;
			sourceTree = "<group>";
		};
/* End PBXVariantGroup section */

/* Begin XCBuildConfiguration section */
		BB9AB45E1F4A7404002F653F /* Debug */ = {
			isa = XCBuildConfiguration;
			buildSettings = {
				ALWAYS_SEARCH_USER_PATHS = NO;
				CLANG_ANALYZER_NONNULL = YES;
				CLANG_ANALYZER_NUMBER_OBJECT_CONVERSION = YES_AGGRESSIVE;
				CLANG_CXX_LANGUAGE_STANDARD = "gnu++0x";
				CLANG_CXX_LIBRARY = "libc++";
				CLANG_ENABLE_MODULES = YES;
				CLANG_ENABLE_OBJC_ARC = YES;
				CLANG_WARN_BOOL_CONVERSION = YES;
				CLANG_WARN_CONSTANT_CONVERSION = YES;
				CLANG_WARN_DIRECT_OBJC_ISA_USAGE = YES_ERROR;
				CLANG_WARN_DOCUMENTATION_COMMENTS = YES;
				CLANG_WARN_EMPTY_BODY = YES;
				CLANG_WARN_ENUM_CONVERSION = YES;
				CLANG_WARN_INFINITE_RECURSION = YES;
				CLANG_WARN_INT_CONVERSION = YES;
				CLANG_WARN_OBJC_ROOT_CLASS = YES_ERROR;
				CLANG_WARN_SUSPICIOUS_MOVE = YES;
				CLANG_WARN_UNREACHABLE_CODE = YES;
				CLANG_WARN__DUPLICATE_METHOD_MATCH = YES;
				"CODE_SIGN_IDENTITY[sdk=iphoneos*]" = "iPhone Developer";
				COPY_PHASE_STRIP = NO;
				DEBUG_INFORMATION_FORMAT = dwarf;
				ENABLE_STRICT_OBJC_MSGSEND = YES;
				ENABLE_TESTABILITY = YES;
				GCC_C_LANGUAGE_STANDARD = gnu99;
				GCC_DYNAMIC_NO_PIC = NO;
				GCC_NO_COMMON_BLOCKS = YES;
				GCC_OPTIMIZATION_LEVEL = 0;
				GCC_PREPROCESSOR_DEFINITIONS = (
					"DEBUG=1",
					"$(inherited)",
				);
				GCC_WARN_64_TO_32_BIT_CONVERSION = YES;
				GCC_WARN_ABOUT_RETURN_TYPE = YES_ERROR;
				GCC_WARN_UNDECLARED_SELECTOR = YES;
				GCC_WARN_UNINITIALIZED_AUTOS = YES_AGGRESSIVE;
				GCC_WARN_UNUSED_FUNCTION = YES;
				GCC_WARN_UNUSED_VARIABLE = YES;
				IPHONEOS_DEPLOYMENT_TARGET = 10.0;
				MTL_ENABLE_DEBUG_INFO = YES;
				ONLY_ACTIVE_ARCH = YES;
				SDKROOT = iphoneos;
				SWIFT_ACTIVE_COMPILATION_CONDITIONS = DEBUG;
				SWIFT_OPTIMIZATION_LEVEL = "-Onone";
				TARGETED_DEVICE_FAMILY = "1,2";
			};
			name = Debug;
		};
		BB9AB45F1F4A7404002F653F /* Release */ = {
			isa = XCBuildConfiguration;
			buildSettings = {
				ALWAYS_SEARCH_USER_PATHS = NO;
				CLANG_ANALYZER_NONNULL = YES;
				CLANG_ANALYZER_NUMBER_OBJECT_CONVERSION = YES_AGGRESSIVE;
				CLANG_CXX_LANGUAGE_STANDARD = "gnu++0x";
				CLANG_CXX_LIBRARY = "libc++";
				CLANG_ENABLE_MODULES = YES;
				CLANG_ENABLE_OBJC_ARC = YES;
				CLANG_WARN_BOOL_CONVERSION = YES;
				CLANG_WARN_CONSTANT_CONVERSION = YES;
				CLANG_WARN_DIRECT_OBJC_ISA_USAGE = YES_ERROR;
				CLANG_WARN_DOCUMENTATION_COMMENTS = YES;
				CLANG_WARN_EMPTY_BODY = YES;
				CLANG_WARN_ENUM_CONVERSION = YES;
				CLANG_WARN_INFINITE_RECURSION = YES;
				CLANG_WARN_INT_CONVERSION = YES;
				CLANG_WARN_OBJC_ROOT_CLASS = YES_ERROR;
				CLANG_WARN_SUSPICIOUS_MOVE = YES;
				CLANG_WARN_UNREACHABLE_CODE = YES;
				CLANG_WARN__DUPLICATE_METHOD_MATCH = YES;
				"CODE_SIGN_IDENTITY[sdk=iphoneos*]" = "iPhone Developer";
				COPY_PHASE_STRIP = NO;
				DEBUG_INFORMATION_FORMAT = "dwarf-with-dsym";
				ENABLE_NS_ASSERTIONS = NO;
				ENABLE_STRICT_OBJC_MSGSEND = YES;
				GCC_C_LANGUAGE_STANDARD = gnu99;
				GCC_NO_COMMON_BLOCKS = YES;
				GCC_WARN_64_TO_32_BIT_CONVERSION = YES;
				GCC_WARN_ABOUT_RETURN_TYPE = YES_ERROR;
				GCC_WARN_UNDECLARED_SELECTOR = YES;
				GCC_WARN_UNINITIALIZED_AUTOS = YES_AGGRESSIVE;
				GCC_WARN_UNUSED_FUNCTION = YES;
				GCC_WARN_UNUSED_VARIABLE = YES;
				IPHONEOS_DEPLOYMENT_TARGET = 10.0;
				MTL_ENABLE_DEBUG_INFO = NO;
				SDKROOT = iphoneos;
				SWIFT_OPTIMIZATION_LEVEL = "-Owholemodule";
				TARGETED_DEVICE_FAMILY = "1,2";
				VALIDATE_PRODUCT = YES;
			};
			name = Release;
		};
		BB9AB4611F4A7404002F653F /* Debug */ = {
			isa = XCBuildConfiguration;
			baseConfigurationReference = D54270AD14CB30C7DC265C79 /* Pods-LiveLocationSharingStarter.debug.xcconfig */;
			buildSettings = {
				ASSETCATALOG_COMPILER_APPICON_NAME = AppIcon;
				DEVELOPMENT_TEAM = H4925W78YQ;
				INFOPLIST_FILE = LiveLocationSharingStarter/Info.plist;
				LD_RUNPATH_SEARCH_PATHS = "$(inherited) @executable_path/Frameworks";
				PRODUCT_BUNDLE_IDENTIFIER = com.hypertrack.LiveLocationSharingStarter;
				PRODUCT_NAME = "$(TARGET_NAME)";
				SWIFT_VERSION = 3.0;
			};
			name = Debug;
		};
		BB9AB4621F4A7404002F653F /* Release */ = {
			isa = XCBuildConfiguration;
			baseConfigurationReference = AFC1932D94F32BFA153CDBB8 /* Pods-LiveLocationSharingStarter.release.xcconfig */;
			buildSettings = {
				ASSETCATALOG_COMPILER_APPICON_NAME = AppIcon;
				DEVELOPMENT_TEAM = H4925W78YQ;
				INFOPLIST_FILE = LiveLocationSharingStarter/Info.plist;
				LD_RUNPATH_SEARCH_PATHS = "$(inherited) @executable_path/Frameworks";
				PRODUCT_BUNDLE_IDENTIFIER = com.hypertrack.LiveLocationSharingStarter;
				PRODUCT_NAME = "$(TARGET_NAME)";
				SWIFT_VERSION = 3.0;
			};
			name = Release;
		};
		BB9AB4641F4A7404002F653F /* Debug */ = {
			isa = XCBuildConfiguration;
			baseConfigurationReference = 6570F362DD1AD102B7CE4677 /* Pods-LiveLocationSharingStarterTests.debug.xcconfig */;
			buildSettings = {
				ALWAYS_EMBED_SWIFT_STANDARD_LIBRARIES = YES;
				BUNDLE_LOADER = "$(TEST_HOST)";
				DEVELOPMENT_TEAM = H4925W78YQ;
				INFOPLIST_FILE = LiveLocationSharingStarterTests/Info.plist;
				LD_RUNPATH_SEARCH_PATHS = "$(inherited) @executable_path/Frameworks @loader_path/Frameworks";
				PRODUCT_BUNDLE_IDENTIFIER = com.hypertrack.LiveLocationSharingStarterTests;
				PRODUCT_NAME = "$(TARGET_NAME)";
				SWIFT_VERSION = 3.0;
				TEST_HOST = "$(BUILT_PRODUCTS_DIR)/LiveLocationSharingStarter.app/LiveLocationSharingStarter";
			};
			name = Debug;
		};
		BB9AB4651F4A7404002F653F /* Release */ = {
			isa = XCBuildConfiguration;
			baseConfigurationReference = DA35A7303F07A3FC3F266E78 /* Pods-LiveLocationSharingStarterTests.release.xcconfig */;
			buildSettings = {
				ALWAYS_EMBED_SWIFT_STANDARD_LIBRARIES = YES;
				BUNDLE_LOADER = "$(TEST_HOST)";
				DEVELOPMENT_TEAM = H4925W78YQ;
				INFOPLIST_FILE = LiveLocationSharingStarterTests/Info.plist;
				LD_RUNPATH_SEARCH_PATHS = "$(inherited) @executable_path/Frameworks @loader_path/Frameworks";
				PRODUCT_BUNDLE_IDENTIFIER = com.hypertrack.LiveLocationSharingStarterTests;
				PRODUCT_NAME = "$(TARGET_NAME)";
				SWIFT_VERSION = 3.0;
				TEST_HOST = "$(BUILT_PRODUCTS_DIR)/LiveLocationSharingStarter.app/LiveLocationSharingStarter";
			};
			name = Release;
		};
		BB9AB4671F4A7404002F653F /* Debug */ = {
			isa = XCBuildConfiguration;
			baseConfigurationReference = E0E5F2BBF47C4C9974BDE172 /* Pods-LiveLocationSharingStarterUITests.debug.xcconfig */;
			buildSettings = {
				ALWAYS_EMBED_SWIFT_STANDARD_LIBRARIES = YES;
				DEVELOPMENT_TEAM = H4925W78YQ;
				INFOPLIST_FILE = LiveLocationSharingStarterUITests/Info.plist;
				LD_RUNPATH_SEARCH_PATHS = "$(inherited) @executable_path/Frameworks @loader_path/Frameworks";
				PRODUCT_BUNDLE_IDENTIFIER = com.hypertrack.LiveLocationSharingStarterUITests;
				PRODUCT_NAME = "$(TARGET_NAME)";
				SWIFT_VERSION = 3.0;
				TEST_TARGET_NAME = LiveLocationSharingStarter;
			};
			name = Debug;
		};
		BB9AB4681F4A7404002F653F /* Release */ = {
			isa = XCBuildConfiguration;
			baseConfigurationReference = 56FAB57EC4859301AB3C34D4 /* Pods-LiveLocationSharingStarterUITests.release.xcconfig */;
			buildSettings = {
				ALWAYS_EMBED_SWIFT_STANDARD_LIBRARIES = YES;
				DEVELOPMENT_TEAM = H4925W78YQ;
				INFOPLIST_FILE = LiveLocationSharingStarterUITests/Info.plist;
				LD_RUNPATH_SEARCH_PATHS = "$(inherited) @executable_path/Frameworks @loader_path/Frameworks";
				PRODUCT_BUNDLE_IDENTIFIER = com.hypertrack.LiveLocationSharingStarterUITests;
				PRODUCT_NAME = "$(TARGET_NAME)";
				SWIFT_VERSION = 3.0;
				TEST_TARGET_NAME = LiveLocationSharingStarter;
			};
			name = Release;
		};
/* End XCBuildConfiguration section */

/* Begin XCConfigurationList section */
		BB9AB4331F4A7404002F653F /* Build configuration list for PBXProject "LiveLocationSharingStarter" */ = {
			isa = XCConfigurationList;
			buildConfigurations = (
				BB9AB45E1F4A7404002F653F /* Debug */,
				BB9AB45F1F4A7404002F653F /* Release */,
			);
			defaultConfigurationIsVisible = 0;
			defaultConfigurationName = Release;
		};
		BB9AB4601F4A7404002F653F /* Build configuration list for PBXNativeTarget "LiveLocationSharingStarter" */ = {
			isa = XCConfigurationList;
			buildConfigurations = (
				BB9AB4611F4A7404002F653F /* Debug */,
				BB9AB4621F4A7404002F653F /* Release */,
			);
			defaultConfigurationIsVisible = 0;
			defaultConfigurationName = Release;
		};
		BB9AB4631F4A7404002F653F /* Build configuration list for PBXNativeTarget "LiveLocationSharingStarterTests" */ = {
			isa = XCConfigurationList;
			buildConfigurations = (
				BB9AB4641F4A7404002F653F /* Debug */,
				BB9AB4651F4A7404002F653F /* Release */,
			);
			defaultConfigurationIsVisible = 0;
			defaultConfigurationName = Release;
		};
		BB9AB4661F4A7404002F653F /* Build configuration list for PBXNativeTarget "LiveLocationSharingStarterUITests" */ = {
			isa = XCConfigurationList;
			buildConfigurations = (
				BB9AB4671F4A7404002F653F /* Debug */,
				BB9AB4681F4A7404002F653F /* Release */,
			);
			defaultConfigurationIsVisible = 0;
			defaultConfigurationName = Release;
		};
/* End XCConfigurationList section */
	};
	rootObject = BB9AB4301F4A7404002F653F /* Project object */;
}
