// !$*UTF8*$!
{
	archiveVersion = 1;
	classes = {
	};
	objectVersion = 46;
	objects = {

/* Begin PBXBuildFile section */
		05750E3F9B22411DC77031D0 /* AVFoundation.framework in Frameworks */ = {isa = PBXBuildFile; fileRef = FF9906AA2CE583E93780D301 /* AVFoundation.framework */; };
		0BA7C69E5A331DD5DE86CB91 /* BuddyBuildSDK.framework in Frameworks */ = {isa = PBXBuildFile; fileRef = FD47E529E549A1731A714D6D /* BuddyBuildSDK.framework */; };
		33334B8A1F0B740A001A970E /* AppDelegate.swift in Sources */ = {isa = PBXBuildFile; fileRef = 33334B891F0B740A001A970E /* AppDelegate.swift */; };
		33334B8C1F0B740A001A970E /* ViewController.swift in Sources */ = {isa = PBXBuildFile; fileRef = 33334B8B1F0B740A001A970E /* ViewController.swift */; };
		33334B8F1F0B740A001A970E /* Main.storyboard in Resources */ = {isa = PBXBuildFile; fileRef = 33334B8D1F0B740A001A970E /* Main.storyboard */; };
		33334B921F0B740A001A970E /* htlive_ios.xcdatamodeld in Sources */ = {isa = PBXBuildFile; fileRef = 33334B901F0B740A001A970E /* htlive_ios.xcdatamodeld */; };
		33334B941F0B740A001A970E /* Assets.xcassets in Resources */ = {isa = PBXBuildFile; fileRef = 33334B931F0B740A001A970E /* Assets.xcassets */; };
		33334B971F0B740A001A970E /* LaunchScreen.storyboard in Resources */ = {isa = PBXBuildFile; fileRef = 33334B951F0B740A001A970E /* LaunchScreen.storyboard */; };
		33334BA01F0B87A9001A970E /* ShareVC.swift in Sources */ = {isa = PBXBuildFile; fileRef = 33334B9F1F0B87A9001A970E /* ShareVC.swift */; };
		33334BA21F0B87BD001A970E /* OnboardVC.swift in Sources */ = {isa = PBXBuildFile; fileRef = 33334BA11F0B87BD001A970E /* OnboardVC.swift */; };
		33334BA61F0BA399001A970E /* UIViewExtension.swift in Sources */ = {isa = PBXBuildFile; fileRef = 33334BA51F0BA399001A970E /* UIViewExtension.swift */; };
		33334BA91F0BA425001A970E /* TextField.swift in Sources */ = {isa = PBXBuildFile; fileRef = 33334BA81F0BA425001A970E /* TextField.swift */; };
		3BB04555AF6CF8533DD7E47A /* QuartzCore.framework in Frameworks */ = {isa = PBXBuildFile; fileRef = 8F29BB026EF4C014377323EA /* QuartzCore.framework */; };
		4A9EC7183BF7416C507967D3 /* CoreVideo.framework in Frameworks */ = {isa = PBXBuildFile; fileRef = 4E6015A432434BE00CB7D490 /* CoreVideo.framework */; };
		6C0CCE1DCCAAE4E4B15AA5E5 /* Pods_htlive_ios.framework in Frameworks */ = {isa = PBXBuildFile; fileRef = 6FA1FE93D3C7A407B321E103 /* Pods_htlive_ios.framework */; };
		709F5A4A4D1A2C4D62D67D7A /* CoreMedia.framework in Frameworks */ = {isa = PBXBuildFile; fileRef = 1B04F8C25B273501623851B5 /* CoreMedia.framework */; };
		7214AC794737FD3C0D2555C4 /* SystemConfiguration.framework in Frameworks */ = {isa = PBXBuildFile; fileRef = 6879260750573A1BEF59E3DE /* SystemConfiguration.framework */; };
		B00C94962B65677DF4F6C7DB /* CoreTelephony.framework in Frameworks */ = {isa = PBXBuildFile; fileRef = 62C72BCF7451040D64AFF2A1 /* CoreTelephony.framework */; };
		D79B41D1ADF2C7B3098EF4B8 /* AssetsLibrary.framework in Frameworks */ = {isa = PBXBuildFile; fileRef = B923850CA9BCCA7AFAFE6B5C /* AssetsLibrary.framework */; };
		DD53C9764BA003663FEC2B91 /* CoreText.framework in Frameworks */ = {isa = PBXBuildFile; fileRef = BBE69D06DE0D45E789542761 /* CoreText.framework */; };
/* End PBXBuildFile section */

/* Begin PBXFileReference section */
		1B04F8C25B273501623851B5 /* CoreMedia.framework */ = {isa = PBXFileReference; lastKnownFileType = wrapper.framework; name = CoreMedia.framework; path = System/Library/Frameworks/CoreMedia.framework; sourceTree = SDKROOT; };
		33334B861F0B740A001A970E /* htlive-ios.app */ = {isa = PBXFileReference; explicitFileType = wrapper.application; includeInIndex = 0; path = "htlive-ios.app"; sourceTree = BUILT_PRODUCTS_DIR; };
		33334B891F0B740A001A970E /* AppDelegate.swift */ = {isa = PBXFileReference; lastKnownFileType = sourcecode.swift; path = AppDelegate.swift; sourceTree = "<group>"; };
		33334B8B1F0B740A001A970E /* ViewController.swift */ = {isa = PBXFileReference; lastKnownFileType = sourcecode.swift; path = ViewController.swift; sourceTree = "<group>"; };
		33334B8E1F0B740A001A970E /* Base */ = {isa = PBXFileReference; lastKnownFileType = file.storyboard; name = Base; path = Base.lproj/Main.storyboard; sourceTree = "<group>"; };
		33334B911F0B740A001A970E /* htlive_ios.xcdatamodel */ = {isa = PBXFileReference; lastKnownFileType = wrapper.xcdatamodel; path = htlive_ios.xcdatamodel; sourceTree = "<group>"; };
		33334B931F0B740A001A970E /* Assets.xcassets */ = {isa = PBXFileReference; lastKnownFileType = folder.assetcatalog; path = Assets.xcassets; sourceTree = "<group>"; };
		33334B961F0B740A001A970E /* Base */ = {isa = PBXFileReference; lastKnownFileType = file.storyboard; name = Base; path = Base.lproj/LaunchScreen.storyboard; sourceTree = "<group>"; };
		33334B981F0B740A001A970E /* Info.plist */ = {isa = PBXFileReference; lastKnownFileType = text.plist.xml; path = Info.plist; sourceTree = "<group>"; };
		33334B9F1F0B87A9001A970E /* ShareVC.swift */ = {isa = PBXFileReference; fileEncoding = 4; lastKnownFileType = sourcecode.swift; path = ShareVC.swift; sourceTree = "<group>"; };
		33334BA11F0B87BD001A970E /* OnboardVC.swift */ = {isa = PBXFileReference; fileEncoding = 4; lastKnownFileType = sourcecode.swift; path = OnboardVC.swift; sourceTree = "<group>"; };
		33334BA51F0BA399001A970E /* UIViewExtension.swift */ = {isa = PBXFileReference; fileEncoding = 4; lastKnownFileType = sourcecode.swift; path = UIViewExtension.swift; sourceTree = "<group>"; };
		33334BA81F0BA425001A970E /* TextField.swift */ = {isa = PBXFileReference; fileEncoding = 4; lastKnownFileType = sourcecode.swift; path = TextField.swift; sourceTree = "<group>"; };
		460AC2866063016417D72344 /* Pods-htlive-ios.debug.xcconfig */ = {isa = PBXFileReference; includeInIndex = 1; lastKnownFileType = text.xcconfig; name = "Pods-htlive-ios.debug.xcconfig"; path = "Pods/Target Support Files/Pods-htlive-ios/Pods-htlive-ios.debug.xcconfig"; sourceTree = "<group>"; };
		4E6015A432434BE00CB7D490 /* CoreVideo.framework */ = {isa = PBXFileReference; lastKnownFileType = wrapper.framework; name = CoreVideo.framework; path = System/Library/Frameworks/CoreVideo.framework; sourceTree = SDKROOT; };
		60060C7769DD795A2A0823B6 /* Bridging-Header.h */ = {isa = PBXFileReference; includeInIndex = 1; lastKnownFileType = sourcecode.c.h; path = "Bridging-Header.h"; sourceTree = "<group>"; };
		62C72BCF7451040D64AFF2A1 /* CoreTelephony.framework */ = {isa = PBXFileReference; lastKnownFileType = wrapper.framework; name = CoreTelephony.framework; path = System/Library/Frameworks/CoreTelephony.framework; sourceTree = SDKROOT; };
		6879260750573A1BEF59E3DE /* SystemConfiguration.framework */ = {isa = PBXFileReference; lastKnownFileType = wrapper.framework; name = SystemConfiguration.framework; path = System/Library/Frameworks/SystemConfiguration.framework; sourceTree = SDKROOT; };
		6FA1FE93D3C7A407B321E103 /* Pods_htlive_ios.framework */ = {isa = PBXFileReference; explicitFileType = wrapper.framework; includeInIndex = 0; path = Pods_htlive_ios.framework; sourceTree = BUILT_PRODUCTS_DIR; };
		7B23EC95E2F4386FADC61EB1 /* Pods-htlive-ios.release.xcconfig */ = {isa = PBXFileReference; includeInIndex = 1; lastKnownFileType = text.xcconfig; name = "Pods-htlive-ios.release.xcconfig"; path = "Pods/Target Support Files/Pods-htlive-ios/Pods-htlive-ios.release.xcconfig"; sourceTree = "<group>"; };
		8F29BB026EF4C014377323EA /* QuartzCore.framework */ = {isa = PBXFileReference; lastKnownFileType = wrapper.framework; name = QuartzCore.framework; path = System/Library/Frameworks/QuartzCore.framework; sourceTree = SDKROOT; };
		B923850CA9BCCA7AFAFE6B5C /* AssetsLibrary.framework */ = {isa = PBXFileReference; lastKnownFileType = wrapper.framework; name = AssetsLibrary.framework; path = System/Library/Frameworks/AssetsLibrary.framework; sourceTree = SDKROOT; };
		BBE69D06DE0D45E789542761 /* CoreText.framework */ = {isa = PBXFileReference; lastKnownFileType = wrapper.framework; name = CoreText.framework; path = System/Library/Frameworks/CoreText.framework; sourceTree = SDKROOT; };
		FD47E529E549A1731A714D6D /* BuddyBuildSDK.framework */ = {isa = PBXFileReference; lastKnownFileType = wrapper.framework; name = BuddyBuildSDK.framework; path = BuddyBuildSDK.framework; sourceTree = "<group>"; };
		FF9906AA2CE583E93780D301 /* AVFoundation.framework */ = {isa = PBXFileReference; lastKnownFileType = wrapper.framework; name = AVFoundation.framework; path = System/Library/Frameworks/AVFoundation.framework; sourceTree = SDKROOT; };
/* End PBXFileReference section */

/* Begin PBXFrameworksBuildPhase section */
		33334B831F0B740A001A970E /* Frameworks */ = {
			isa = PBXFrameworksBuildPhase;
			buildActionMask = 2147483647;
			files = (
				6C0CCE1DCCAAE4E4B15AA5E5 /* Pods_htlive_ios.framework in Frameworks */,
				0BA7C69E5A331DD5DE86CB91 /* BuddyBuildSDK.framework in Frameworks */,
				D79B41D1ADF2C7B3098EF4B8 /* AssetsLibrary.framework in Frameworks */,
				DD53C9764BA003663FEC2B91 /* CoreText.framework in Frameworks */,
				B00C94962B65677DF4F6C7DB /* CoreTelephony.framework in Frameworks */,
				7214AC794737FD3C0D2555C4 /* SystemConfiguration.framework in Frameworks */,
				3BB04555AF6CF8533DD7E47A /* QuartzCore.framework in Frameworks */,
				05750E3F9B22411DC77031D0 /* AVFoundation.framework in Frameworks */,
				709F5A4A4D1A2C4D62D67D7A /* CoreMedia.framework in Frameworks */,
				4A9EC7183BF7416C507967D3 /* CoreVideo.framework in Frameworks */,
			);
			runOnlyForDeploymentPostprocessing = 0;
		};
/* End PBXFrameworksBuildPhase section */

/* Begin PBXGroup section */
		33334B7D1F0B740A001A970E = {
			isa = PBXGroup;
			children = (
				33334B881F0B740A001A970E /* htlive-ios */,
				33334B871F0B740A001A970E /* Products */,
				F566F550D917E6ECD1F27CB6 /* Pods */,
				C8EC434E1C44884397D1BDA9 /* Frameworks */,
				60060C7769DD795A2A0823B6 /* Bridging-Header.h */,
			);
			sourceTree = "<group>";
		};
		33334B871F0B740A001A970E /* Products */ = {
			isa = PBXGroup;
			children = (
				33334B861F0B740A001A970E /* htlive-ios.app */,
			);
			name = Products;
			sourceTree = "<group>";
		};
		33334B881F0B740A001A970E /* htlive-ios */ = {
			isa = PBXGroup;
			children = (
				33334B931F0B740A001A970E /* Assets.xcassets */,
				33334B8D1F0B740A001A970E /* Main.storyboard */,
				33334BA71F0BA39F001A970E /* Extensions */,
				33334B9E1F0B84CB001A970E /* Placeline */,
				33334BA41F0B87CD001A970E /* Share */,
				33334BA31F0B87C3001A970E /* Onboarding */,
				33334B891F0B740A001A970E /* AppDelegate.swift */,
				33334B951F0B740A001A970E /* LaunchScreen.storyboard */,
				33334B981F0B740A001A970E /* Info.plist */,
				33334B901F0B740A001A970E /* htlive_ios.xcdatamodeld */,
			);
			path = "htlive-ios";
			sourceTree = "<group>";
		};
		33334B9E1F0B84CB001A970E /* Placeline */ = {
			isa = PBXGroup;
			children = (
				33334B8B1F0B740A001A970E /* ViewController.swift */,
			);
			name = Placeline;
			sourceTree = "<group>";
		};
		33334BA31F0B87C3001A970E /* Onboarding */ = {
			isa = PBXGroup;
			children = (
				33334BA11F0B87BD001A970E /* OnboardVC.swift */,
			);
			name = Onboarding;
			sourceTree = "<group>";
		};
		33334BA41F0B87CD001A970E /* Share */ = {
			isa = PBXGroup;
			children = (
				33334B9F1F0B87A9001A970E /* ShareVC.swift */,
			);
			name = Share;
			sourceTree = "<group>";
		};
		33334BA71F0BA39F001A970E /* Extensions */ = {
			isa = PBXGroup;
			children = (
				33334BA51F0BA399001A970E /* UIViewExtension.swift */,
				33334BA81F0BA425001A970E /* TextField.swift */,
			);
			name = Extensions;
			sourceTree = "<group>";
		};
		C8EC434E1C44884397D1BDA9 /* Frameworks */ = {
			isa = PBXGroup;
			children = (
				6FA1FE93D3C7A407B321E103 /* Pods_htlive_ios.framework */,
				FD47E529E549A1731A714D6D /* BuddyBuildSDK.framework */,
				B923850CA9BCCA7AFAFE6B5C /* AssetsLibrary.framework */,
				BBE69D06DE0D45E789542761 /* CoreText.framework */,
				62C72BCF7451040D64AFF2A1 /* CoreTelephony.framework */,
				6879260750573A1BEF59E3DE /* SystemConfiguration.framework */,
				8F29BB026EF4C014377323EA /* QuartzCore.framework */,
				FF9906AA2CE583E93780D301 /* AVFoundation.framework */,
				1B04F8C25B273501623851B5 /* CoreMedia.framework */,
				4E6015A432434BE00CB7D490 /* CoreVideo.framework */,
			);
			name = Frameworks;
			sourceTree = "<group>";
		};
		F566F550D917E6ECD1F27CB6 /* Pods */ = {
			isa = PBXGroup;
			children = (
				460AC2866063016417D72344 /* Pods-htlive-ios.debug.xcconfig */,
				7B23EC95E2F4386FADC61EB1 /* Pods-htlive-ios.release.xcconfig */,
			);
			name = Pods;
			sourceTree = "<group>";
		};
/* End PBXGroup section */

/* Begin PBXNativeTarget section */
		33334B851F0B740A001A970E /* htlive-ios */ = {
			isa = PBXNativeTarget;
			buildConfigurationList = 33334B9B1F0B740A001A970E /* Build configuration list for PBXNativeTarget "htlive-ios" */;
			buildPhases = (
				79400DADB2D27371F4D6E5F8 /* [CP] Check Pods Manifest.lock */,
				33334B821F0B740A001A970E /* Sources */,
				33334B831F0B740A001A970E /* Frameworks */,
				33334B841F0B740A001A970E /* Resources */,
				F57E6697B5B7FBC18E5A82D1 /* [CP] Embed Pods Frameworks */,
				3BF4C8F40A656CCC1EDA9081 /* [CP] Copy Pods Resources */,
			);
			buildRules = (
			);
			dependencies = (
			);
			name = "htlive-ios";
			productName = "htlive-ios";
			productReference = 33334B861F0B740A001A970E /* htlive-ios.app */;
			productType = "com.apple.product-type.application";
		};
/* End PBXNativeTarget section */

/* Begin PBXProject section */
		33334B7E1F0B740A001A970E /* Project object */ = {
			isa = PBXProject;
			attributes = {
				LastSwiftUpdateCheck = 0830;
				LastUpgradeCheck = 0830;
				ORGANIZATIONNAME = PZRT;
				TargetAttributes = {
					33334B851F0B740A001A970E = {
						CreatedOnToolsVersion = 8.3;
						DevelopmentTeam = H4925W78YQ;
						ProvisioningStyle = Automatic;
					};
				};
			};
			buildConfigurationList = 33334B811F0B740A001A970E /* Build configuration list for PBXProject "htlive-ios" */;
			compatibilityVersion = "Xcode 3.2";
			developmentRegion = English;
			hasScannedForEncodings = 0;
			knownRegions = (
				en,
				Base,
			);
			mainGroup = 33334B7D1F0B740A001A970E;
			productRefGroup = 33334B871F0B740A001A970E /* Products */;
			projectDirPath = "";
			projectRoot = "";
			targets = (
				33334B851F0B740A001A970E /* htlive-ios */,
			);
		};
/* End PBXProject section */

/* Begin PBXResourcesBuildPhase section */
		33334B841F0B740A001A970E /* Resources */ = {
			isa = PBXResourcesBuildPhase;
			buildActionMask = 2147483647;
			files = (
				33334B971F0B740A001A970E /* LaunchScreen.storyboard in Resources */,
				33334B941F0B740A001A970E /* Assets.xcassets in Resources */,
				33334B8F1F0B740A001A970E /* Main.storyboard in Resources */,
			);
			runOnlyForDeploymentPostprocessing = 0;
		};
/* End PBXResourcesBuildPhase section */

/* Begin PBXShellScriptBuildPhase section */
		3BF4C8F40A656CCC1EDA9081 /* [CP] Copy Pods Resources */ = {
			isa = PBXShellScriptBuildPhase;
			buildActionMask = 2147483647;
			files = (
			);
			inputPaths = (
			);
			name = "[CP] Copy Pods Resources";
			outputPaths = (
			);
			runOnlyForDeploymentPostprocessing = 0;
			shellPath = /bin/sh;
			shellScript = "\"${SRCROOT}/Pods/Target Support Files/Pods-htlive-ios/Pods-htlive-ios-resources.sh\"\n";
			showEnvVarsInLog = 0;
		};
		79400DADB2D27371F4D6E5F8 /* [CP] Check Pods Manifest.lock */ = {
			isa = PBXShellScriptBuildPhase;
			buildActionMask = 2147483647;
			files = (
			);
			inputPaths = (
			);
			name = "[CP] Check Pods Manifest.lock";
			outputPaths = (
			);
			runOnlyForDeploymentPostprocessing = 0;
			shellPath = /bin/sh;
			shellScript = "diff \"${PODS_ROOT}/../Podfile.lock\" \"${PODS_ROOT}/Manifest.lock\" > /dev/null\nif [ $? != 0 ] ; then\n    # print error to STDERR\n    echo \"error: The sandbox is not in sync with the Podfile.lock. Run 'pod install' or update your CocoaPods installation.\" >&2\n    exit 1\nfi\n";
			showEnvVarsInLog = 0;
		};
		F57E6697B5B7FBC18E5A82D1 /* [CP] Embed Pods Frameworks */ = {
			isa = PBXShellScriptBuildPhase;
			buildActionMask = 2147483647;
			files = (
			);
			inputPaths = (
			);
			name = "[CP] Embed Pods Frameworks";
			outputPaths = (
			);
			runOnlyForDeploymentPostprocessing = 0;
			shellPath = /bin/sh;
			shellScript = "\"${SRCROOT}/Pods/Target Support Files/Pods-htlive-ios/Pods-htlive-ios-frameworks.sh\"\n";
			showEnvVarsInLog = 0;
		};
/* End PBXShellScriptBuildPhase section */

/* Begin PBXSourcesBuildPhase section */
		33334B821F0B740A001A970E /* Sources */ = {
			isa = PBXSourcesBuildPhase;
			buildActionMask = 2147483647;
			files = (
				33334BA61F0BA399001A970E /* UIViewExtension.swift in Sources */,
				33334BA01F0B87A9001A970E /* ShareVC.swift in Sources */,
				33334B8C1F0B740A001A970E /* ViewController.swift in Sources */,
				33334BA91F0BA425001A970E /* TextField.swift in Sources */,
				33334BA21F0B87BD001A970E /* OnboardVC.swift in Sources */,
				33334B921F0B740A001A970E /* htlive_ios.xcdatamodeld in Sources */,
				33334B8A1F0B740A001A970E /* AppDelegate.swift in Sources */,
			);
			runOnlyForDeploymentPostprocessing = 0;
		};
/* End PBXSourcesBuildPhase section */

/* Begin PBXVariantGroup section */
		33334B8D1F0B740A001A970E /* Main.storyboard */ = {
			isa = PBXVariantGroup;
			children = (
				33334B8E1F0B740A001A970E /* Base */,
			);
			name = Main.storyboard;
			sourceTree = "<group>";
		};
		33334B951F0B740A001A970E /* LaunchScreen.storyboard */ = {
			isa = PBXVariantGroup;
			children = (
				33334B961F0B740A001A970E /* Base */,
			);
			name = LaunchScreen.storyboard;
			sourceTree = "<group>";
		};
/* End PBXVariantGroup section */

/* Begin XCBuildConfiguration section */
		33334B991F0B740A001A970E /* Debug */ = {
			isa = XCBuildConfiguration;
			buildSettings = {
				ALWAYS_SEARCH_USER_PATHS = NO;
				CLANG_ANALYZER_NONNULL = YES;
				CLANG_ANALYZER_NUMBER_OBJECT_CONVERSION = YES_AGGRESSIVE;
				CLANG_CXX_LANGUAGE_STANDARD = "gnu++0x";
				CLANG_CXX_LIBRARY = "libc++";
				CLANG_ENABLE_MODULES = YES;
				CLANG_ENABLE_OBJC_ARC = YES;
				CLANG_WARN_BOOL_CONVERSION = YES;
				CLANG_WARN_CONSTANT_CONVERSION = YES;
				CLANG_WARN_DIRECT_OBJC_ISA_USAGE = YES_ERROR;
				CLANG_WARN_DOCUMENTATION_COMMENTS = YES;
				CLANG_WARN_EMPTY_BODY = YES;
				CLANG_WARN_ENUM_CONVERSION = YES;
				CLANG_WARN_INFINITE_RECURSION = YES;
				CLANG_WARN_INT_CONVERSION = YES;
				CLANG_WARN_OBJC_ROOT_CLASS = YES_ERROR;
				CLANG_WARN_SUSPICIOUS_MOVE = YES;
				CLANG_WARN_UNREACHABLE_CODE = YES;
				CLANG_WARN__DUPLICATE_METHOD_MATCH = YES;
				"CODE_SIGN_IDENTITY[sdk=iphoneos*]" = "iPhone Developer";
				COPY_PHASE_STRIP = NO;
				DEBUG_INFORMATION_FORMAT = dwarf;
				ENABLE_STRICT_OBJC_MSGSEND = YES;
				ENABLE_TESTABILITY = YES;
				GCC_C_LANGUAGE_STANDARD = gnu99;
				GCC_DYNAMIC_NO_PIC = NO;
				GCC_NO_COMMON_BLOCKS = YES;
				GCC_OPTIMIZATION_LEVEL = 0;
				GCC_PREPROCESSOR_DEFINITIONS = (
					"DEBUG=1",
					"$(inherited)",
				);
				GCC_WARN_64_TO_32_BIT_CONVERSION = YES;
				GCC_WARN_ABOUT_RETURN_TYPE = YES_ERROR;
				GCC_WARN_UNDECLARED_SELECTOR = YES;
				GCC_WARN_UNINITIALIZED_AUTOS = YES_AGGRESSIVE;
				GCC_WARN_UNUSED_FUNCTION = YES;
				GCC_WARN_UNUSED_VARIABLE = YES;
				IPHONEOS_DEPLOYMENT_TARGET = 10.3;
				MTL_ENABLE_DEBUG_INFO = YES;
				ONLY_ACTIVE_ARCH = YES;
				SDKROOT = iphoneos;
				SWIFT_ACTIVE_COMPILATION_CONDITIONS = DEBUG;
				SWIFT_OPTIMIZATION_LEVEL = "-Onone";
			};
			name = Debug;
		};
		33334B9A1F0B740A001A970E /* Release */ = {
			isa = XCBuildConfiguration;
			buildSettings = {
				ALWAYS_SEARCH_USER_PATHS = NO;
				CLANG_ANALYZER_NONNULL = YES;
				CLANG_ANALYZER_NUMBER_OBJECT_CONVERSION = YES_AGGRESSIVE;
				CLANG_CXX_LANGUAGE_STANDARD = "gnu++0x";
				CLANG_CXX_LIBRARY = "libc++";
				CLANG_ENABLE_MODULES = YES;
				CLANG_ENABLE_OBJC_ARC = YES;
				CLANG_WARN_BOOL_CONVERSION = YES;
				CLANG_WARN_CONSTANT_CONVERSION = YES;
				CLANG_WARN_DIRECT_OBJC_ISA_USAGE = YES_ERROR;
				CLANG_WARN_DOCUMENTATION_COMMENTS = YES;
				CLANG_WARN_EMPTY_BODY = YES;
				CLANG_WARN_ENUM_CONVERSION = YES;
				CLANG_WARN_INFINITE_RECURSION = YES;
				CLANG_WARN_INT_CONVERSION = YES;
				CLANG_WARN_OBJC_ROOT_CLASS = YES_ERROR;
				CLANG_WARN_SUSPICIOUS_MOVE = YES;
				CLANG_WARN_UNREACHABLE_CODE = YES;
				CLANG_WARN__DUPLICATE_METHOD_MATCH = YES;
				"CODE_SIGN_IDENTITY[sdk=iphoneos*]" = "iPhone Developer";
				COPY_PHASE_STRIP = NO;
				DEBUG_INFORMATION_FORMAT = "dwarf-with-dsym";
				ENABLE_NS_ASSERTIONS = NO;
				ENABLE_STRICT_OBJC_MSGSEND = YES;
				GCC_C_LANGUAGE_STANDARD = gnu99;
				GCC_NO_COMMON_BLOCKS = YES;
				GCC_WARN_64_TO_32_BIT_CONVERSION = YES;
				GCC_WARN_ABOUT_RETURN_TYPE = YES_ERROR;
				GCC_WARN_UNDECLARED_SELECTOR = YES;
				GCC_WARN_UNINITIALIZED_AUTOS = YES_AGGRESSIVE;
				GCC_WARN_UNUSED_FUNCTION = YES;
				GCC_WARN_UNUSED_VARIABLE = YES;
				IPHONEOS_DEPLOYMENT_TARGET = 10.3;
				MTL_ENABLE_DEBUG_INFO = NO;
				SDKROOT = iphoneos;
				SWIFT_OPTIMIZATION_LEVEL = "-Owholemodule";
				VALIDATE_PRODUCT = YES;
			};
			name = Release;
		};
		33334B9C1F0B740A001A970E /* Debug */ = {
			isa = XCBuildConfiguration;
			baseConfigurationReference = 460AC2866063016417D72344 /* Pods-htlive-ios.debug.xcconfig */;
			buildSettings = {
				ASSETCATALOG_COMPILER_APPICON_NAME = AppIcon;
				DEVELOPMENT_TEAM = H4925W78YQ;
				FRAMEWORK_SEARCH_PATHS = (
					"$(inherited)",
					"$(PROJECT_DIR)",
				);
				INFOPLIST_FILE = "htlive-ios/Info.plist";
				LD_RUNPATH_SEARCH_PATHS = "$(inherited) @executable_path/Frameworks";
				PRODUCT_BUNDLE_IDENTIFIER = "htlive-ios";
				PRODUCT_NAME = "$(TARGET_NAME)";
				SWIFT_OBJC_BRIDGING_HEADER = "Bridging-Header.h";
				SWIFT_VERSION = 3.0;
			};
			name = Debug;
		};
		33334B9D1F0B740A001A970E /* Release */ = {
			isa = XCBuildConfiguration;
			baseConfigurationReference = 7B23EC95E2F4386FADC61EB1 /* Pods-htlive-ios.release.xcconfig */;
			buildSettings = {
				ASSETCATALOG_COMPILER_APPICON_NAME = AppIcon;
				DEVELOPMENT_TEAM = H4925W78YQ;
				FRAMEWORK_SEARCH_PATHS = (
					"$(inherited)",
					"$(PROJECT_DIR)",
				);
				INFOPLIST_FILE = "htlive-ios/Info.plist";
				LD_RUNPATH_SEARCH_PATHS = "$(inherited) @executable_path/Frameworks";
				PRODUCT_BUNDLE_IDENTIFIER = "htlive-ios";
				PRODUCT_NAME = "$(TARGET_NAME)";
				SWIFT_OBJC_BRIDGING_HEADER = "Bridging-Header.h";
				SWIFT_VERSION = 3.0;
			};
			name = Release;
		};
/* End XCBuildConfiguration section */

/* Begin XCConfigurationList section */
		33334B811F0B740A001A970E /* Build configuration list for PBXProject "htlive-ios" */ = {
			isa = XCConfigurationList;
			buildConfigurations = (
				33334B991F0B740A001A970E /* Debug */,
				33334B9A1F0B740A001A970E /* Release */,
			);
			defaultConfigurationIsVisible = 0;
			defaultConfigurationName = Release;
		};
		33334B9B1F0B740A001A970E /* Build configuration list for PBXNativeTarget "htlive-ios" */ = {
			isa = XCConfigurationList;
			buildConfigurations = (
				33334B9C1F0B740A001A970E /* Debug */,
				33334B9D1F0B740A001A970E /* Release */,
			);
			defaultConfigurationIsVisible = 0;
			defaultConfigurationName = Release;
		};
/* End XCConfigurationList section */

/* Begin XCVersionGroup section */
		33334B901F0B740A001A970E /* htlive_ios.xcdatamodeld */ = {
			isa = XCVersionGroup;
			children = (
				33334B911F0B740A001A970E /* htlive_ios.xcdatamodel */,
			);
			currentVersion = 33334B911F0B740A001A970E /* htlive_ios.xcdatamodel */;
			path = htlive_ios.xcdatamodeld;
			sourceTree = "<group>";
			versionGroupType = wrapper.xcdatamodel;
		};
/* End XCVersionGroup section */
	};
	rootObject = 33334B7E1F0B740A001A970E /* Project object */;
}
