// !$*UTF8*$!
{
	archiveVersion = 1;
	classes = {
	};
	objectVersion = 46;
	objects = {

/* Begin PBXBuildFile section */
		05750E3F9B22411DC77031D0 /* AVFoundation.framework in Frameworks */ = {isa = PBXBuildFile; fileRef = FF9906AA2CE583E93780D301 /* AVFoundation.framework */; };
		0BA7C69E5A331DD5DE86CB91 /* BuddyBuildSDK.framework in Frameworks */ = {isa = PBXBuildFile; fileRef = FD47E529E549A1731A714D6D /* BuddyBuildSDK.framework */; };
		3313D3A41F18D41F00BDF8E0 /* Date.swift in Sources */ = {isa = PBXBuildFile; fileRef = 3313D3A31F18D41F00BDF8E0 /* Date.swift */; };
		33334B8A1F0B740A001A970E /* AppDelegate.swift in Sources */ = {isa = PBXBuildFile; fileRef = 33334B891F0B740A001A970E /* AppDelegate.swift */; };
		33334B8C1F0B740A001A970E /* ViewController.swift in Sources */ = {isa = PBXBuildFile; fileRef = 33334B8B1F0B740A001A970E /* ViewController.swift */; };
		33334B8F1F0B740A001A970E /* Main.storyboard in Resources */ = {isa = PBXBuildFile; fileRef = 33334B8D1F0B740A001A970E /* Main.storyboard */; };
		33334B921F0B740A001A970E /* htlive_ios.xcdatamodeld in Sources */ = {isa = PBXBuildFile; fileRef = 33334B901F0B740A001A970E /* htlive_ios.xcdatamodeld */; };
		33334B941F0B740A001A970E /* Assets.xcassets in Resources */ = {isa = PBXBuildFile; fileRef = 33334B931F0B740A001A970E /* Assets.xcassets */; };
		33334B971F0B740A001A970E /* LaunchScreen.storyboard in Resources */ = {isa = PBXBuildFile; fileRef = 33334B951F0B740A001A970E /* LaunchScreen.storyboard */; };
		33334BA61F0BA399001A970E /* UIViewExtension.swift in Sources */ = {isa = PBXBuildFile; fileRef = 33334BA51F0BA399001A970E /* UIViewExtension.swift */; };
		33334BA91F0BA425001A970E /* TextField.swift in Sources */ = {isa = PBXBuildFile; fileRef = 33334BA81F0BA425001A970E /* TextField.swift */; };
		3BB04555AF6CF8533DD7E47A /* QuartzCore.framework in Frameworks */ = {isa = PBXBuildFile; fileRef = 8F29BB026EF4C014377323EA /* QuartzCore.framework */; };
		4128F8991F5DEB0600AE46D4 /* FeedbackDetailVC.swift in Sources */ = {isa = PBXBuildFile; fileRef = 4128F8981F5DEB0600AE46D4 /* FeedbackDetailVC.swift */; };
		4128F8C71F5E8E3600AE46D4 /* ActivityFeedback.swift in Sources */ = {isa = PBXBuildFile; fileRef = 4128F8C61F5E8E3600AE46D4 /* ActivityFeedback.swift */; };
		4128F8CB1F5EC01B00AE46D4 /* ActivityTableViewCell.swift in Sources */ = {isa = PBXBuildFile; fileRef = 4128F8CA1F5EC01B00AE46D4 /* ActivityTableViewCell.swift */; };
		418438951F5BBF3200190FE2 /* OnboardingVC.swift in Sources */ = {isa = PBXBuildFile; fileRef = 418438921F5BBF3200190FE2 /* OnboardingVC.swift */; };
		418438961F5BBF3200190FE2 /* OnboardingView.swift in Sources */ = {isa = PBXBuildFile; fileRef = 418438931F5BBF3200190FE2 /* OnboardingView.swift */; };
		418438971F5BBF3200190FE2 /* OnboardingView.xib in Resources */ = {isa = PBXBuildFile; fileRef = 418438941F5BBF3200190FE2 /* OnboardingView.xib */; };
		4184389C1F5BF00100190FE2 /* ActivityFeedbackTableVC.swift in Sources */ = {isa = PBXBuildFile; fileRef = 4184389B1F5BF00100190FE2 /* ActivityFeedbackTableVC.swift */; };
		4A9EC7183BF7416C507967D3 /* CoreVideo.framework in Frameworks */ = {isa = PBXBuildFile; fileRef = 4E6015A432434BE00CB7D490 /* CoreVideo.framework */; };
		56AA3763CC83A3142327D3DE /* Pods_htlive_ios.framework in Frameworks */ = {isa = PBXBuildFile; fileRef = FF02833788EEC09C7C0F10CE /* Pods_htlive_ios.framework */; };
		709F5A4A4D1A2C4D62D67D7A /* CoreMedia.framework in Frameworks */ = {isa = PBXBuildFile; fileRef = 1B04F8C25B273501623851B5 /* CoreMedia.framework */; };
		7214AC794737FD3C0D2555C4 /* SystemConfiguration.framework in Frameworks */ = {isa = PBXBuildFile; fileRef = 6879260750573A1BEF59E3DE /* SystemConfiguration.framework */; };
		B00C94962B65677DF4F6C7DB /* CoreTelephony.framework in Frameworks */ = {isa = PBXBuildFile; fileRef = 62C72BCF7451040D64AFF2A1 /* CoreTelephony.framework */; };
		B7AB54A4206BD31B002EF9BC /* SecondTrackingViewController.swift in Sources */ = {isa = PBXBuildFile; fileRef = B7AB54A3206BD31B002EF9BC /* SecondTrackingViewController.swift */; };
		B7B2B972203D85C70098D437 /* WorkSans-Regular.ttf in Resources */ = {isa = PBXBuildFile; fileRef = B7B2B96E203D85C50098D437 /* WorkSans-Regular.ttf */; };
		B7B2B973203D85C70098D437 /* WorkSans-Medium.ttf in Resources */ = {isa = PBXBuildFile; fileRef = B7B2B96F203D85C50098D437 /* WorkSans-Medium.ttf */; };
		B7B2B974203D85C70098D437 /* WorkSans-SemiBold.ttf in Resources */ = {isa = PBXBuildFile; fileRef = B7B2B970203D85C50098D437 /* WorkSans-SemiBold.ttf */; };
		B7B2B975203D85C70098D437 /* WorkSans-Bold.ttf in Resources */ = {isa = PBXBuildFile; fileRef = B7B2B971203D85C50098D437 /* WorkSans-Bold.ttf */; };
		B7B2B977203D9AB30098D437 /* AppStyle.swift in Sources */ = {isa = PBXBuildFile; fileRef = B7B2B976203D9AB30098D437 /* AppStyle.swift */; };
		BB7D29981F1D690D00E72DCF /* MKMapView+Extension.swift in Sources */ = {isa = PBXBuildFile; fileRef = BB7D298F1F1D690D00E72DCF /* MKMapView+Extension.swift */; };
		BB7D29991F1D690D00E72DCF /* NSData+Extension.swift in Sources */ = {isa = PBXBuildFile; fileRef = BB7D29901F1D690D00E72DCF /* NSData+Extension.swift */; };
		BB7D299A1F1D690D00E72DCF /* String+Extension.swift in Sources */ = {isa = PBXBuildFile; fileRef = BB7D29911F1D690D00E72DCF /* String+Extension.swift */; };
		BB7D299B1F1D690D00E72DCF /* ThemeManager.swift in Sources */ = {isa = PBXBuildFile; fileRef = BB7D29921F1D690D00E72DCF /* ThemeManager.swift */; };
		BB7D299C1F1D690D00E72DCF /* UIAlertView+Extension.swift in Sources */ = {isa = PBXBuildFile; fileRef = BB7D29931F1D690D00E72DCF /* UIAlertView+Extension.swift */; };
		BB7D299D1F1D690D00E72DCF /* UIColor+Extension.swift in Sources */ = {isa = PBXBuildFile; fileRef = BB7D29941F1D690D00E72DCF /* UIColor+Extension.swift */; };
		BB7D299E1F1D690D00E72DCF /* UIView+Extension.swift in Sources */ = {isa = PBXBuildFile; fileRef = BB7D29951F1D690D00E72DCF /* UIView+Extension.swift */; };
		BB7D29A01F1D7D7400E72DCF /* HTLiveConstants.swift in Sources */ = {isa = PBXBuildFile; fileRef = BB7D299F1F1D7D7400E72DCF /* HTLiveConstants.swift */; };
		BB7D29A41F1EA4BF00E72DCF /* UserProfileVC.swift in Sources */ = {isa = PBXBuildFile; fileRef = BB7D29A21F1EA4BF00E72DCF /* UserProfileVC.swift */; };
		BB7D29A51F1EA4BF00E72DCF /* ValidateCodeVC.swift in Sources */ = {isa = PBXBuildFile; fileRef = BB7D29A31F1EA4BF00E72DCF /* ValidateCodeVC.swift */; };
		BB7D29A91F1EA4E600E72DCF /* RequestService.swift in Sources */ = {isa = PBXBuildFile; fileRef = BB7D29A81F1EA4E600E72DCF /* RequestService.swift */; };
		BB7D29AF1F1EB1B400E72DCF /* RequestPermissionsVC.swift in Sources */ = {isa = PBXBuildFile; fileRef = BB7D29AE1F1EB1B400E72DCF /* RequestPermissionsVC.swift */; };
		BB7D29B11F1EB1BD00E72DCF /* AcceptInviteVC.swift in Sources */ = {isa = PBXBuildFile; fileRef = BB7D29B01F1EB1BD00E72DCF /* AcceptInviteVC.swift */; };
		BBF7B3E51F1996A600DA355C /* HyperTrackFlowInteractor.swift in Sources */ = {isa = PBXBuildFile; fileRef = BBF7B3E41F1996A600DA355C /* HyperTrackFlowInteractor.swift */; };
		BBF7B3E71F1996C100DA355C /* OnboardingFlowController.swift in Sources */ = {isa = PBXBuildFile; fileRef = BBF7B3E61F1996C100DA355C /* OnboardingFlowController.swift */; };
		BBF7B3E91F1996EC00DA355C /* PermissionsFlowController.swift in Sources */ = {isa = PBXBuildFile; fileRef = BBF7B3E81F1996EC00DA355C /* PermissionsFlowController.swift */; };
		BBF7B3EC1F19972000DA355C /* InviteFlowController.swift in Sources */ = {isa = PBXBuildFile; fileRef = BBF7B3EB1F19972000DA355C /* InviteFlowController.swift */; };
		BBF7B3EE1F19972C00DA355C /* BaseFlowController.swift in Sources */ = {isa = PBXBuildFile; fileRef = BBF7B3ED1F19972C00DA355C /* BaseFlowController.swift */; };
		BBF7B3F11F1997C800DA355C /* HyperTrackAppService.swift in Sources */ = {isa = PBXBuildFile; fileRef = BBF7B3F01F1997C800DA355C /* HyperTrackAppService.swift */; };
		D79B41D1ADF2C7B3098EF4B8 /* AssetsLibrary.framework in Frameworks */ = {isa = PBXBuildFile; fileRef = B923850CA9BCCA7AFAFE6B5C /* AssetsLibrary.framework */; };
		DD53C9764BA003663FEC2B91 /* CoreText.framework in Frameworks */ = {isa = PBXBuildFile; fileRef = BBE69D06DE0D45E789542761 /* CoreText.framework */; };
/* End PBXBuildFile section */

/* Begin PBXFileReference section */
		1B04F8C25B273501623851B5 /* CoreMedia.framework */ = {isa = PBXFileReference; lastKnownFileType = wrapper.framework; name = CoreMedia.framework; path = System/Library/Frameworks/CoreMedia.framework; sourceTree = SDKROOT; };
		331001491F17735F00BC3EB0 /* htlive-ios.entitlements */ = {isa = PBXFileReference; lastKnownFileType = text.plist.entitlements; name = "htlive-ios.entitlements"; path = "htlive-ios/htlive-ios.entitlements"; sourceTree = "<group>"; };
		3313D3A31F18D41F00BDF8E0 /* Date.swift */ = {isa = PBXFileReference; fileEncoding = 4; lastKnownFileType = sourcecode.swift; path = Date.swift; sourceTree = "<group>"; };
		33334B861F0B740A001A970E /* htlive-ios.app */ = {isa = PBXFileReference; explicitFileType = wrapper.application; includeInIndex = 0; path = "htlive-ios.app"; sourceTree = BUILT_PRODUCTS_DIR; };
		33334B891F0B740A001A970E /* AppDelegate.swift */ = {isa = PBXFileReference; lastKnownFileType = sourcecode.swift; path = AppDelegate.swift; sourceTree = "<group>"; };
		33334B8B1F0B740A001A970E /* ViewController.swift */ = {isa = PBXFileReference; lastKnownFileType = sourcecode.swift; path = ViewController.swift; sourceTree = "<group>"; };
		33334B8E1F0B740A001A970E /* Base */ = {isa = PBXFileReference; lastKnownFileType = file.storyboard; name = Base; path = Base.lproj/Main.storyboard; sourceTree = "<group>"; };
		33334B911F0B740A001A970E /* htlive_ios.xcdatamodel */ = {isa = PBXFileReference; lastKnownFileType = wrapper.xcdatamodel; path = htlive_ios.xcdatamodel; sourceTree = "<group>"; };
		33334B931F0B740A001A970E /* Assets.xcassets */ = {isa = PBXFileReference; lastKnownFileType = folder.assetcatalog; path = Assets.xcassets; sourceTree = "<group>"; };
		33334B961F0B740A001A970E /* Base */ = {isa = PBXFileReference; lastKnownFileType = file.storyboard; name = Base; path = Base.lproj/LaunchScreen.storyboard; sourceTree = "<group>"; };
		33334B981F0B740A001A970E /* Info.plist */ = {isa = PBXFileReference; lastKnownFileType = text.plist.xml; path = Info.plist; sourceTree = "<group>"; };
		33334BA51F0BA399001A970E /* UIViewExtension.swift */ = {isa = PBXFileReference; fileEncoding = 4; lastKnownFileType = sourcecode.swift; path = UIViewExtension.swift; sourceTree = "<group>"; };
		33334BA81F0BA425001A970E /* TextField.swift */ = {isa = PBXFileReference; fileEncoding = 4; lastKnownFileType = sourcecode.swift; path = TextField.swift; sourceTree = "<group>"; };
		4128F8981F5DEB0600AE46D4 /* FeedbackDetailVC.swift */ = {isa = PBXFileReference; fileEncoding = 4; lastKnownFileType = sourcecode.swift; path = FeedbackDetailVC.swift; sourceTree = "<group>"; };
		4128F8C61F5E8E3600AE46D4 /* ActivityFeedback.swift */ = {isa = PBXFileReference; fileEncoding = 4; lastKnownFileType = sourcecode.swift; path = ActivityFeedback.swift; sourceTree = "<group>"; };
		4128F8CA1F5EC01B00AE46D4 /* ActivityTableViewCell.swift */ = {isa = PBXFileReference; fileEncoding = 4; lastKnownFileType = sourcecode.swift; path = ActivityTableViewCell.swift; sourceTree = "<group>"; };
		418438921F5BBF3200190FE2 /* OnboardingVC.swift */ = {isa = PBXFileReference; fileEncoding = 4; lastKnownFileType = sourcecode.swift; name = OnboardingVC.swift; path = Welcome/OnboardingVC.swift; sourceTree = "<group>"; };
		418438931F5BBF3200190FE2 /* OnboardingView.swift */ = {isa = PBXFileReference; fileEncoding = 4; lastKnownFileType = sourcecode.swift; name = OnboardingView.swift; path = Welcome/OnboardingView.swift; sourceTree = "<group>"; };
		418438941F5BBF3200190FE2 /* OnboardingView.xib */ = {isa = PBXFileReference; fileEncoding = 4; lastKnownFileType = file.xib; name = OnboardingView.xib; path = Welcome/OnboardingView.xib; sourceTree = "<group>"; };
		4184389B1F5BF00100190FE2 /* ActivityFeedbackTableVC.swift */ = {isa = PBXFileReference; fileEncoding = 4; lastKnownFileType = sourcecode.swift; path = ActivityFeedbackTableVC.swift; sourceTree = "<group>"; };
		4A921267E19BDB82814DC8B9 /* Pods-htlive-ios.debug.xcconfig */ = {isa = PBXFileReference; includeInIndex = 1; lastKnownFileType = text.xcconfig; name = "Pods-htlive-ios.debug.xcconfig"; path = "Pods/Target Support Files/Pods-htlive-ios/Pods-htlive-ios.debug.xcconfig"; sourceTree = "<group>"; };
		4E6015A432434BE00CB7D490 /* CoreVideo.framework */ = {isa = PBXFileReference; lastKnownFileType = wrapper.framework; name = CoreVideo.framework; path = System/Library/Frameworks/CoreVideo.framework; sourceTree = SDKROOT; };
		60060C7769DD795A2A0823B6 /* Bridging-Header.h */ = {isa = PBXFileReference; includeInIndex = 1; lastKnownFileType = sourcecode.c.h; path = "Bridging-Header.h"; sourceTree = "<group>"; };
		62C72BCF7451040D64AFF2A1 /* CoreTelephony.framework */ = {isa = PBXFileReference; lastKnownFileType = wrapper.framework; name = CoreTelephony.framework; path = System/Library/Frameworks/CoreTelephony.framework; sourceTree = SDKROOT; };
		6879260750573A1BEF59E3DE /* SystemConfiguration.framework */ = {isa = PBXFileReference; lastKnownFileType = wrapper.framework; name = SystemConfiguration.framework; path = System/Library/Frameworks/SystemConfiguration.framework; sourceTree = SDKROOT; };
		790284E1E83C2D3E59B456A0 /* Pods-htlive-ios.release.xcconfig */ = {isa = PBXFileReference; includeInIndex = 1; lastKnownFileType = text.xcconfig; name = "Pods-htlive-ios.release.xcconfig"; path = "Pods/Target Support Files/Pods-htlive-ios/Pods-htlive-ios.release.xcconfig"; sourceTree = "<group>"; };
		8F29BB026EF4C014377323EA /* QuartzCore.framework */ = {isa = PBXFileReference; lastKnownFileType = wrapper.framework; name = QuartzCore.framework; path = System/Library/Frameworks/QuartzCore.framework; sourceTree = SDKROOT; };
		B7AB54A3206BD31B002EF9BC /* SecondTrackingViewController.swift */ = {isa = PBXFileReference; lastKnownFileType = sourcecode.swift; path = SecondTrackingViewController.swift; sourceTree = "<group>"; };
		B7B2B96E203D85C50098D437 /* WorkSans-Regular.ttf */ = {isa = PBXFileReference; lastKnownFileType = file; path = "WorkSans-Regular.ttf"; sourceTree = "<group>"; };
		B7B2B96F203D85C50098D437 /* WorkSans-Medium.ttf */ = {isa = PBXFileReference; lastKnownFileType = file; path = "WorkSans-Medium.ttf"; sourceTree = "<group>"; };
		B7B2B970203D85C50098D437 /* WorkSans-SemiBold.ttf */ = {isa = PBXFileReference; lastKnownFileType = file; path = "WorkSans-SemiBold.ttf"; sourceTree = "<group>"; };
		B7B2B971203D85C50098D437 /* WorkSans-Bold.ttf */ = {isa = PBXFileReference; lastKnownFileType = file; path = "WorkSans-Bold.ttf"; sourceTree = "<group>"; };
		B7B2B976203D9AB30098D437 /* AppStyle.swift */ = {isa = PBXFileReference; lastKnownFileType = sourcecode.swift; path = AppStyle.swift; sourceTree = "<group>"; };
		B923850CA9BCCA7AFAFE6B5C /* AssetsLibrary.framework */ = {isa = PBXFileReference; lastKnownFileType = wrapper.framework; name = AssetsLibrary.framework; path = System/Library/Frameworks/AssetsLibrary.framework; sourceTree = SDKROOT; };
		BB7D298F1F1D690D00E72DCF /* MKMapView+Extension.swift */ = {isa = PBXFileReference; fileEncoding = 4; lastKnownFileType = sourcecode.swift; name = "MKMapView+Extension.swift"; path = "Utility/MKMapView+Extension.swift"; sourceTree = "<group>"; };
		BB7D29901F1D690D00E72DCF /* NSData+Extension.swift */ = {isa = PBXFileReference; fileEncoding = 4; lastKnownFileType = sourcecode.swift; name = "NSData+Extension.swift"; path = "Utility/NSData+Extension.swift"; sourceTree = "<group>"; };
		BB7D29911F1D690D00E72DCF /* String+Extension.swift */ = {isa = PBXFileReference; fileEncoding = 4; lastKnownFileType = sourcecode.swift; name = "String+Extension.swift"; path = "Utility/String+Extension.swift"; sourceTree = "<group>"; };
		BB7D29921F1D690D00E72DCF /* ThemeManager.swift */ = {isa = PBXFileReference; fileEncoding = 4; lastKnownFileType = sourcecode.swift; name = ThemeManager.swift; path = Utility/ThemeManager.swift; sourceTree = "<group>"; };
		BB7D29931F1D690D00E72DCF /* UIAlertView+Extension.swift */ = {isa = PBXFileReference; fileEncoding = 4; lastKnownFileType = sourcecode.swift; name = "UIAlertView+Extension.swift"; path = "Utility/UIAlertView+Extension.swift"; sourceTree = "<group>"; };
		BB7D29941F1D690D00E72DCF /* UIColor+Extension.swift */ = {isa = PBXFileReference; fileEncoding = 4; lastKnownFileType = sourcecode.swift; name = "UIColor+Extension.swift"; path = "Utility/UIColor+Extension.swift"; sourceTree = "<group>"; };
		BB7D29951F1D690D00E72DCF /* UIView+Extension.swift */ = {isa = PBXFileReference; fileEncoding = 4; lastKnownFileType = sourcecode.swift; name = "UIView+Extension.swift"; path = "Utility/UIView+Extension.swift"; sourceTree = "<group>"; };
		BB7D299F1F1D7D7400E72DCF /* HTLiveConstants.swift */ = {isa = PBXFileReference; fileEncoding = 4; lastKnownFileType = sourcecode.swift; path = HTLiveConstants.swift; sourceTree = "<group>"; };
		BB7D29A21F1EA4BF00E72DCF /* UserProfileVC.swift */ = {isa = PBXFileReference; fileEncoding = 4; lastKnownFileType = sourcecode.swift; name = UserProfileVC.swift; path = Onboarding/UserProfileVC.swift; sourceTree = "<group>"; };
		BB7D29A31F1EA4BF00E72DCF /* ValidateCodeVC.swift */ = {isa = PBXFileReference; fileEncoding = 4; lastKnownFileType = sourcecode.swift; name = ValidateCodeVC.swift; path = Onboarding/ValidateCodeVC.swift; sourceTree = "<group>"; };
		BB7D29A81F1EA4E600E72DCF /* RequestService.swift */ = {isa = PBXFileReference; fileEncoding = 4; lastKnownFileType = sourcecode.swift; path = RequestService.swift; sourceTree = "<group>"; };
		BB7D29AE1F1EB1B400E72DCF /* RequestPermissionsVC.swift */ = {isa = PBXFileReference; fileEncoding = 4; lastKnownFileType = sourcecode.swift; name = RequestPermissionsVC.swift; path = Permissions/RequestPermissionsVC.swift; sourceTree = "<group>"; };
		BB7D29B01F1EB1BD00E72DCF /* AcceptInviteVC.swift */ = {isa = PBXFileReference; fileEncoding = 4; lastKnownFileType = sourcecode.swift; name = AcceptInviteVC.swift; path = AcceptInvite/AcceptInviteVC.swift; sourceTree = "<group>"; };
		BBE69D06DE0D45E789542761 /* CoreText.framework */ = {isa = PBXFileReference; lastKnownFileType = wrapper.framework; name = CoreText.framework; path = System/Library/Frameworks/CoreText.framework; sourceTree = SDKROOT; };
		BBF7B3E41F1996A600DA355C /* HyperTrackFlowInteractor.swift */ = {isa = PBXFileReference; fileEncoding = 4; lastKnownFileType = sourcecode.swift; path = HyperTrackFlowInteractor.swift; sourceTree = "<group>"; };
		BBF7B3E61F1996C100DA355C /* OnboardingFlowController.swift */ = {isa = PBXFileReference; fileEncoding = 4; lastKnownFileType = sourcecode.swift; path = OnboardingFlowController.swift; sourceTree = "<group>"; };
		BBF7B3E81F1996EC00DA355C /* PermissionsFlowController.swift */ = {isa = PBXFileReference; fileEncoding = 4; lastKnownFileType = sourcecode.swift; path = PermissionsFlowController.swift; sourceTree = "<group>"; };
		BBF7B3EB1F19972000DA355C /* InviteFlowController.swift */ = {isa = PBXFileReference; fileEncoding = 4; lastKnownFileType = sourcecode.swift; path = InviteFlowController.swift; sourceTree = "<group>"; };
		BBF7B3ED1F19972C00DA355C /* BaseFlowController.swift */ = {isa = PBXFileReference; fileEncoding = 4; lastKnownFileType = sourcecode.swift; path = BaseFlowController.swift; sourceTree = "<group>"; };
		BBF7B3F01F1997C800DA355C /* HyperTrackAppService.swift */ = {isa = PBXFileReference; fileEncoding = 4; lastKnownFileType = sourcecode.swift; path = HyperTrackAppService.swift; sourceTree = "<group>"; };
		FD47E529E549A1731A714D6D /* BuddyBuildSDK.framework */ = {isa = PBXFileReference; lastKnownFileType = wrapper.framework; path = BuddyBuildSDK.framework; sourceTree = "<group>"; };
		FF02833788EEC09C7C0F10CE /* Pods_htlive_ios.framework */ = {isa = PBXFileReference; explicitFileType = wrapper.framework; includeInIndex = 0; path = Pods_htlive_ios.framework; sourceTree = BUILT_PRODUCTS_DIR; };
		FF9906AA2CE583E93780D301 /* AVFoundation.framework */ = {isa = PBXFileReference; lastKnownFileType = wrapper.framework; name = AVFoundation.framework; path = System/Library/Frameworks/AVFoundation.framework; sourceTree = SDKROOT; };
/* End PBXFileReference section */

/* Begin PBXFrameworksBuildPhase section */
		33334B831F0B740A001A970E /* Frameworks */ = {
			isa = PBXFrameworksBuildPhase;
			buildActionMask = 2147483647;
			files = (
				0BA7C69E5A331DD5DE86CB91 /* BuddyBuildSDK.framework in Frameworks */,
				D79B41D1ADF2C7B3098EF4B8 /* AssetsLibrary.framework in Frameworks */,
				DD53C9764BA003663FEC2B91 /* CoreText.framework in Frameworks */,
				B00C94962B65677DF4F6C7DB /* CoreTelephony.framework in Frameworks */,
				7214AC794737FD3C0D2555C4 /* SystemConfiguration.framework in Frameworks */,
				3BB04555AF6CF8533DD7E47A /* QuartzCore.framework in Frameworks */,
				05750E3F9B22411DC77031D0 /* AVFoundation.framework in Frameworks */,
				709F5A4A4D1A2C4D62D67D7A /* CoreMedia.framework in Frameworks */,
				4A9EC7183BF7416C507967D3 /* CoreVideo.framework in Frameworks */,
				56AA3763CC83A3142327D3DE /* Pods_htlive_ios.framework in Frameworks */,
			);
			runOnlyForDeploymentPostprocessing = 0;
		};
/* End PBXFrameworksBuildPhase section */

/* Begin PBXGroup section */
		33334B7D1F0B740A001A970E = {
			isa = PBXGroup;
			children = (
				33334B881F0B740A001A970E /* htlive-ios */,
				33334B871F0B740A001A970E /* Products */,
				C8EC434E1C44884397D1BDA9 /* Frameworks */,
				60060C7769DD795A2A0823B6 /* Bridging-Header.h */,
				331001491F17735F00BC3EB0 /* htlive-ios.entitlements */,
				632268A8AE364679EE17BEE3 /* Pods */,
			);
			sourceTree = "<group>";
		};
		33334B871F0B740A001A970E /* Products */ = {
			isa = PBXGroup;
			children = (
				33334B861F0B740A001A970E /* htlive-ios.app */,
			);
			name = Products;
			sourceTree = "<group>";
		};
		33334B881F0B740A001A970E /* htlive-ios */ = {
			isa = PBXGroup;
			children = (
				B7B2B96C203D85C50098D437 /* Resources */,
				4184389A1F5BEFCC00190FE2 /* Feedback */,
				418438911F5BBF2200190FE2 /* Welcome */,
				BB7D29AD1F1EB1A400E72DCF /* Permissions */,
				BB7D29AC1F1EB19900E72DCF /* AcceptInvite */,
				BB7D298C1F1D68FF00E72DCF /* Utility */,
				BBF7B3EF1F1997B900DA355C /* Service */,
				BBF7B3EA1F1996F400DA355C /* FlowController */,
				33334B931F0B740A001A970E /* Assets.xcassets */,
				33334B8D1F0B740A001A970E /* Main.storyboard */,
				33334B9E1F0B84CB001A970E /* Placeline */,
				33334BA71F0BA39F001A970E /* Extensions */,
				33334BA31F0B87C3001A970E /* Onboarding */,
				33334B891F0B740A001A970E /* AppDelegate.swift */,
				33334B951F0B740A001A970E /* LaunchScreen.storyboard */,
				33334B981F0B740A001A970E /* Info.plist */,
				33334B901F0B740A001A970E /* htlive_ios.xcdatamodeld */,
				BBF7B3E41F1996A600DA355C /* HyperTrackFlowInteractor.swift */,
				BB7D299F1F1D7D7400E72DCF /* HTLiveConstants.swift */,
			);
			path = "htlive-ios";
			sourceTree = "<group>";
		};
		33334B9E1F0B84CB001A970E /* Placeline */ = {
			isa = PBXGroup;
			children = (
				33334B8B1F0B740A001A970E /* ViewController.swift */,
				B7AB54A3206BD31B002EF9BC /* SecondTrackingViewController.swift */,
			);
			name = Placeline;
			sourceTree = "<group>";
		};
		33334BA31F0B87C3001A970E /* Onboarding */ = {
			isa = PBXGroup;
			children = (
				BB7D29A21F1EA4BF00E72DCF /* UserProfileVC.swift */,
				BB7D29A31F1EA4BF00E72DCF /* ValidateCodeVC.swift */,
			);
			name = Onboarding;
			sourceTree = "<group>";
		};
		33334BA71F0BA39F001A970E /* Extensions */ = {
			isa = PBXGroup;
			children = (
				33334BA51F0BA399001A970E /* UIViewExtension.swift */,
				33334BA81F0BA425001A970E /* TextField.swift */,
				3313D3A31F18D41F00BDF8E0 /* Date.swift */,
			);
			name = Extensions;
			sourceTree = "<group>";
		};
		418438911F5BBF2200190FE2 /* Welcome */ = {
			isa = PBXGroup;
			children = (
				418438921F5BBF3200190FE2 /* OnboardingVC.swift */,
				418438931F5BBF3200190FE2 /* OnboardingView.swift */,
				418438941F5BBF3200190FE2 /* OnboardingView.xib */,
			);
			name = Welcome;
			sourceTree = "<group>";
		};
		4184389A1F5BEFCC00190FE2 /* Feedback */ = {
			isa = PBXGroup;
			children = (
				4184389B1F5BF00100190FE2 /* ActivityFeedbackTableVC.swift */,
				4128F8981F5DEB0600AE46D4 /* FeedbackDetailVC.swift */,
				4128F8C61F5E8E3600AE46D4 /* ActivityFeedback.swift */,
				4128F8CA1F5EC01B00AE46D4 /* ActivityTableViewCell.swift */,
			);
			name = Feedback;
			sourceTree = "<group>";
		};
		632268A8AE364679EE17BEE3 /* Pods */ = {
			isa = PBXGroup;
			children = (
				4A921267E19BDB82814DC8B9 /* Pods-htlive-ios.debug.xcconfig */,
				790284E1E83C2D3E59B456A0 /* Pods-htlive-ios.release.xcconfig */,
			);
			name = Pods;
			sourceTree = "<group>";
		};
		B7B2B96C203D85C50098D437 /* Resources */ = {
			isa = PBXGroup;
			children = (
				B7B2B96D203D85C50098D437 /* Fonts */,
			);
			path = Resources;
			sourceTree = "<group>";
		};
		B7B2B96D203D85C50098D437 /* Fonts */ = {
			isa = PBXGroup;
			children = (
				B7B2B96E203D85C50098D437 /* WorkSans-Regular.ttf */,
				B7B2B96F203D85C50098D437 /* WorkSans-Medium.ttf */,
				B7B2B970203D85C50098D437 /* WorkSans-SemiBold.ttf */,
				B7B2B971203D85C50098D437 /* WorkSans-Bold.ttf */,
			);
			path = Fonts;
			sourceTree = "<group>";
		};
		BB7D298C1F1D68FF00E72DCF /* Utility */ = {
			isa = PBXGroup;
			children = (
				BB7D298F1F1D690D00E72DCF /* MKMapView+Extension.swift */,
				BB7D29901F1D690D00E72DCF /* NSData+Extension.swift */,
				BB7D29911F1D690D00E72DCF /* String+Extension.swift */,
				BB7D29921F1D690D00E72DCF /* ThemeManager.swift */,
				BB7D29931F1D690D00E72DCF /* UIAlertView+Extension.swift */,
				BB7D29941F1D690D00E72DCF /* UIColor+Extension.swift */,
				BB7D29951F1D690D00E72DCF /* UIView+Extension.swift */,
				B7B2B976203D9AB30098D437 /* AppStyle.swift */,
			);
			name = Utility;
			sourceTree = "<group>";
		};
		BB7D29AC1F1EB19900E72DCF /* AcceptInvite */ = {
			isa = PBXGroup;
			children = (
				BB7D29B01F1EB1BD00E72DCF /* AcceptInviteVC.swift */,
			);
			name = AcceptInvite;
			sourceTree = "<group>";
		};
		BB7D29AD1F1EB1A400E72DCF /* Permissions */ = {
			isa = PBXGroup;
			children = (
				BB7D29AE1F1EB1B400E72DCF /* RequestPermissionsVC.swift */,
			);
			name = Permissions;
			sourceTree = "<group>";
		};
		BBF7B3EA1F1996F400DA355C /* FlowController */ = {
			isa = PBXGroup;
			children = (
				BBF7B3E61F1996C100DA355C /* OnboardingFlowController.swift */,
				BBF7B3E81F1996EC00DA355C /* PermissionsFlowController.swift */,
				BBF7B3EB1F19972000DA355C /* InviteFlowController.swift */,
				BBF7B3ED1F19972C00DA355C /* BaseFlowController.swift */,
			);
			name = FlowController;
			sourceTree = "<group>";
		};
		BBF7B3EF1F1997B900DA355C /* Service */ = {
			isa = PBXGroup;
			children = (
				BB7D29A81F1EA4E600E72DCF /* RequestService.swift */,
				BBF7B3F01F1997C800DA355C /* HyperTrackAppService.swift */,
			);
			name = Service;
			sourceTree = "<group>";
		};
		C8EC434E1C44884397D1BDA9 /* Frameworks */ = {
			isa = PBXGroup;
			children = (
				FD47E529E549A1731A714D6D /* BuddyBuildSDK.framework */,
				B923850CA9BCCA7AFAFE6B5C /* AssetsLibrary.framework */,
				BBE69D06DE0D45E789542761 /* CoreText.framework */,
				62C72BCF7451040D64AFF2A1 /* CoreTelephony.framework */,
				6879260750573A1BEF59E3DE /* SystemConfiguration.framework */,
				8F29BB026EF4C014377323EA /* QuartzCore.framework */,
				FF9906AA2CE583E93780D301 /* AVFoundation.framework */,
				1B04F8C25B273501623851B5 /* CoreMedia.framework */,
				4E6015A432434BE00CB7D490 /* CoreVideo.framework */,
				FF02833788EEC09C7C0F10CE /* Pods_htlive_ios.framework */,
			);
			name = Frameworks;
			sourceTree = "<group>";
		};
/* End PBXGroup section */

/* Begin PBXNativeTarget section */
		33334B851F0B740A001A970E /* htlive-ios */ = {
			isa = PBXNativeTarget;
			buildConfigurationList = 33334B9B1F0B740A001A970E /* Build configuration list for PBXNativeTarget "htlive-ios" */;
			buildPhases = (
				1B403991F76BBA3F0E4BC0E8 /* [CP] Check Pods Manifest.lock */,
				33334B821F0B740A001A970E /* Sources */,
				33334B831F0B740A001A970E /* Frameworks */,
				33334B841F0B740A001A970E /* Resources */,
				BB8449C61F55C15100413BA0 /* ShellScript */,
				997C74476697268CC6DB34D2 /* [CP] Embed Pods Frameworks */,
				5DFE01401E912CADBBE8BA64 /* [CP] Copy Pods Resources */,
			);
			buildRules = (
			);
			dependencies = (
			);
			name = "htlive-ios";
			productName = "htlive-ios";
			productReference = 33334B861F0B740A001A970E /* htlive-ios.app */;
			productType = "com.apple.product-type.application";
		};
/* End PBXNativeTarget section */

/* Begin PBXProject section */
		33334B7E1F0B740A001A970E /* Project object */ = {
			isa = PBXProject;
			attributes = {
				LastSwiftUpdateCheck = 0830;
				LastUpgradeCheck = 0830;
				ORGANIZATIONNAME = PZRT;
				TargetAttributes = {
					33334B851F0B740A001A970E = {
						CreatedOnToolsVersion = 8.3;
						DevelopmentTeam = H4925W78YQ;
						ProvisioningStyle = Automatic;
						SystemCapabilities = {
							com.apple.BackgroundModes = {
								enabled = 1;
							};
							com.apple.Maps.iOS = {
								enabled = 0;
							};
							com.apple.Push = {
								enabled = 1;
							};
							com.apple.SafariKeychain = {
								enabled = 1;
							};
						};
					};
				};
			};
			buildConfigurationList = 33334B811F0B740A001A970E /* Build configuration list for PBXProject "htlive-ios" */;
			compatibilityVersion = "Xcode 3.2";
			developmentRegion = English;
			hasScannedForEncodings = 0;
			knownRegions = (
				en,
				Base,
			);
			mainGroup = 33334B7D1F0B740A001A970E;
			productRefGroup = 33334B871F0B740A001A970E /* Products */;
			projectDirPath = "";
			projectRoot = "";
			targets = (
				33334B851F0B740A001A970E /* htlive-ios */,
			);
		};
/* End PBXProject section */

/* Begin PBXResourcesBuildPhase section */
		33334B841F0B740A001A970E /* Resources */ = {
			isa = PBXResourcesBuildPhase;
			buildActionMask = 2147483647;
			files = (
				B7B2B972203D85C70098D437 /* WorkSans-Regular.ttf in Resources */,
				33334B971F0B740A001A970E /* LaunchScreen.storyboard in Resources */,
				418438971F5BBF3200190FE2 /* OnboardingView.xib in Resources */,
				B7B2B973203D85C70098D437 /* WorkSans-Medium.ttf in Resources */,
				33334B941F0B740A001A970E /* Assets.xcassets in Resources */,
				33334B8F1F0B740A001A970E /* Main.storyboard in Resources */,
				B7B2B974203D85C70098D437 /* WorkSans-SemiBold.ttf in Resources */,
				B7B2B975203D85C70098D437 /* WorkSans-Bold.ttf in Resources */,
			);
			runOnlyForDeploymentPostprocessing = 0;
		};
/* End PBXResourcesBuildPhase section */

/* Begin PBXShellScriptBuildPhase section */
		1B403991F76BBA3F0E4BC0E8 /* [CP] Check Pods Manifest.lock */ = {
			isa = PBXShellScriptBuildPhase;
			buildActionMask = 2147483647;
			files = (
			);
			inputPaths = (
				"${PODS_PODFILE_DIR_PATH}/Podfile.lock",
				"${PODS_ROOT}/Manifest.lock",
			);
			name = "[CP] Check Pods Manifest.lock";
			outputPaths = (
				"$(DERIVED_FILE_DIR)/Pods-htlive-ios-checkManifestLockResult.txt",
			);
			runOnlyForDeploymentPostprocessing = 0;
			shellPath = /bin/sh;
			shellScript = "diff \"${PODS_PODFILE_DIR_PATH}/Podfile.lock\" \"${PODS_ROOT}/Manifest.lock\" > /dev/null\nif [ $? != 0 ] ; then\n    # print error to STDERR\n    echo \"error: The sandbox is not in sync with the Podfile.lock. Run 'pod install' or update your CocoaPods installation.\" >&2\n    exit 1\nfi\n# This output is used by Xcode 'outputs' to avoid re-running this script phase.\necho \"SUCCESS\" > \"${SCRIPT_OUTPUT_FILE_0}\"\n";
			showEnvVarsInLog = 0;
		};
		5DFE01401E912CADBBE8BA64 /* [CP] Copy Pods Resources */ = {
			isa = PBXShellScriptBuildPhase;
			buildActionMask = 2147483647;
			files = (
			);
			inputPaths = (
				"${SRCROOT}/Pods/Target Support Files/Pods-htlive-ios/Pods-htlive-ios-resources.sh",
				"${PODS_ROOT}/GoogleMaps/Maps/Frameworks/GoogleMaps.framework/Resources/GoogleMaps.bundle",
			);
			name = "[CP] Copy Pods Resources";
			outputPaths = (
				"${TARGET_BUILD_DIR}/${UNLOCALIZED_RESOURCES_FOLDER_PATH}/GoogleMaps.bundle",
			);
			runOnlyForDeploymentPostprocessing = 0;
			shellPath = /bin/sh;
			shellScript = "\"${SRCROOT}/Pods/Target Support Files/Pods-htlive-ios/Pods-htlive-ios-resources.sh\"\n";
			showEnvVarsInLog = 0;
		};
		997C74476697268CC6DB34D2 /* [CP] Embed Pods Frameworks */ = {
			isa = PBXShellScriptBuildPhase;
			buildActionMask = 2147483647;
			files = (
			);
			inputPaths = (
				"${SRCROOT}/Pods/Target Support Files/Pods-htlive-ios/Pods-htlive-ios-frameworks.sh",
				"${BUILT_PRODUCTS_DIR}/Alamofire/Alamofire.framework",
				"${BUILT_PRODUCTS_DIR}/Branch/Branch.framework",
				"${BUILT_PRODUCTS_DIR}/CocoaLumberjack/CocoaLumberjack.framework",
				"${BUILT_PRODUCTS_DIR}/GzipSwift/Gzip.framework",
				"${BUILT_PRODUCTS_DIR}/HyperTrack/HyperTrack.framework",
				"${BUILT_PRODUCTS_DIR}/MBProgressHUD/MBProgressHUD.framework",
				"${BUILT_PRODUCTS_DIR}/MediumMenu/MediumMenu.framework",
				"${BUILT_PRODUCTS_DIR}/PhoneNumberKit/PhoneNumberKit.framework",
				"${BUILT_PRODUCTS_DIR}/SQLite.swift/SQLite.framework",
			);
			name = "[CP] Embed Pods Frameworks";
			outputPaths = (
				"${TARGET_BUILD_DIR}/${FRAMEWORKS_FOLDER_PATH}/Alamofire.framework",
				"${TARGET_BUILD_DIR}/${FRAMEWORKS_FOLDER_PATH}/Branch.framework",
				"${TARGET_BUILD_DIR}/${FRAMEWORKS_FOLDER_PATH}/CocoaLumberjack.framework",
				"${TARGET_BUILD_DIR}/${FRAMEWORKS_FOLDER_PATH}/Gzip.framework",
				"${TARGET_BUILD_DIR}/${FRAMEWORKS_FOLDER_PATH}/HyperTrack.framework",
				"${TARGET_BUILD_DIR}/${FRAMEWORKS_FOLDER_PATH}/MBProgressHUD.framework",
				"${TARGET_BUILD_DIR}/${FRAMEWORKS_FOLDER_PATH}/MediumMenu.framework",
				"${TARGET_BUILD_DIR}/${FRAMEWORKS_FOLDER_PATH}/PhoneNumberKit.framework",
				"${TARGET_BUILD_DIR}/${FRAMEWORKS_FOLDER_PATH}/SQLite.framework",
			);
			runOnlyForDeploymentPostprocessing = 0;
			shellPath = /bin/sh;
			shellScript = "\"${SRCROOT}/Pods/Target Support Files/Pods-htlive-ios/Pods-htlive-ios-frameworks.sh\"\n";
			showEnvVarsInLog = 0;
		};
		BB8449C61F55C15100413BA0 /* ShellScript */ = {
			isa = PBXShellScriptBuildPhase;
			buildActionMask = 2147483647;
			files = (
			);
			inputPaths = (
			);
			outputPaths = (
			);
			runOnlyForDeploymentPostprocessing = 0;
			shellPath = /bin/sh;
			shellScript = "\"${PODS_ROOT}/Fabric/run\" 012ca85a4085707d726df8e4cc885fa5109d825a b10b6221b9fa60dd0b4eaef4c5a7f9610dc02451f67f01b9156fcf864bd34801";
		};
/* End PBXShellScriptBuildPhase section */

/* Begin PBXSourcesBuildPhase section */
		33334B821F0B740A001A970E /* Sources */ = {
			isa = PBXSourcesBuildPhase;
			buildActionMask = 2147483647;
			files = (
				33334BA61F0BA399001A970E /* UIViewExtension.swift in Sources */,
				BBF7B3EC1F19972000DA355C /* InviteFlowController.swift in Sources */,
				33334B8C1F0B740A001A970E /* ViewController.swift in Sources */,
				BBF7B3E51F1996A600DA355C /* HyperTrackFlowInteractor.swift in Sources */,
				418438951F5BBF3200190FE2 /* OnboardingVC.swift in Sources */,
				BB7D29981F1D690D00E72DCF /* MKMapView+Extension.swift in Sources */,
				BB7D29A01F1D7D7400E72DCF /* HTLiveConstants.swift in Sources */,
				BB7D299A1F1D690D00E72DCF /* String+Extension.swift in Sources */,
				33334BA91F0BA425001A970E /* TextField.swift in Sources */,
				BB7D29AF1F1EB1B400E72DCF /* RequestPermissionsVC.swift in Sources */,
				BB7D29A41F1EA4BF00E72DCF /* UserProfileVC.swift in Sources */,
				BB7D29991F1D690D00E72DCF /* NSData+Extension.swift in Sources */,
				418438961F5BBF3200190FE2 /* OnboardingView.swift in Sources */,
				4128F8991F5DEB0600AE46D4 /* FeedbackDetailVC.swift in Sources */,
				33334B921F0B740A001A970E /* htlive_ios.xcdatamodeld in Sources */,
				BB7D29A91F1EA4E600E72DCF /* RequestService.swift in Sources */,
				4184389C1F5BF00100190FE2 /* ActivityFeedbackTableVC.swift in Sources */,
				B7B2B977203D9AB30098D437 /* AppStyle.swift in Sources */,
				B7AB54A4206BD31B002EF9BC /* SecondTrackingViewController.swift in Sources */,
				3313D3A41F18D41F00BDF8E0 /* Date.swift in Sources */,
				BB7D299C1F1D690D00E72DCF /* UIAlertView+Extension.swift in Sources */,
				BBF7B3EE1F19972C00DA355C /* BaseFlowController.swift in Sources */,
				BB7D299D1F1D690D00E72DCF /* UIColor+Extension.swift in Sources */,
				4128F8C71F5E8E3600AE46D4 /* ActivityFeedback.swift in Sources */,
				BB7D299E1F1D690D00E72DCF /* UIView+Extension.swift in Sources */,
				4128F8CB1F5EC01B00AE46D4 /* ActivityTableViewCell.swift in Sources */,
				BBF7B3F11F1997C800DA355C /* HyperTrackAppService.swift in Sources */,
				33334B8A1F0B740A001A970E /* AppDelegate.swift in Sources */,
				BBF7B3E91F1996EC00DA355C /* PermissionsFlowController.swift in Sources */,
				BB7D29A51F1EA4BF00E72DCF /* ValidateCodeVC.swift in Sources */,
				BBF7B3E71F1996C100DA355C /* OnboardingFlowController.swift in Sources */,
				BB7D299B1F1D690D00E72DCF /* ThemeManager.swift in Sources */,
				BB7D29B11F1EB1BD00E72DCF /* AcceptInviteVC.swift in Sources */,
			);
			runOnlyForDeploymentPostprocessing = 0;
		};
/* End PBXSourcesBuildPhase section */

/* Begin PBXVariantGroup section */
		33334B8D1F0B740A001A970E /* Main.storyboard */ = {
			isa = PBXVariantGroup;
			children = (
				33334B8E1F0B740A001A970E /* Base */,
			);
			name = Main.storyboard;
			sourceTree = "<group>";
		};
		33334B951F0B740A001A970E /* LaunchScreen.storyboard */ = {
			isa = PBXVariantGroup;
			children = (
				33334B961F0B740A001A970E /* Base */,
			);
			name = LaunchScreen.storyboard;
			sourceTree = "<group>";
		};
/* End PBXVariantGroup section */

/* Begin XCBuildConfiguration section */
		33334B991F0B740A001A970E /* Debug */ = {
			isa = XCBuildConfiguration;
			buildSettings = {
				ALWAYS_SEARCH_USER_PATHS = NO;
				CLANG_ANALYZER_NONNULL = YES;
				CLANG_ANALYZER_NUMBER_OBJECT_CONVERSION = YES_AGGRESSIVE;
				CLANG_CXX_LANGUAGE_STANDARD = "gnu++0x";
				CLANG_CXX_LIBRARY = "libc++";
				CLANG_ENABLE_MODULES = YES;
				CLANG_ENABLE_OBJC_ARC = YES;
				CLANG_WARN_BOOL_CONVERSION = YES;
				CLANG_WARN_CONSTANT_CONVERSION = YES;
				CLANG_WARN_DIRECT_OBJC_ISA_USAGE = YES_ERROR;
				CLANG_WARN_DOCUMENTATION_COMMENTS = YES;
				CLANG_WARN_EMPTY_BODY = YES;
				CLANG_WARN_ENUM_CONVERSION = YES;
				CLANG_WARN_INFINITE_RECURSION = YES;
				CLANG_WARN_INT_CONVERSION = YES;
				CLANG_WARN_OBJC_ROOT_CLASS = YES_ERROR;
				CLANG_WARN_SUSPICIOUS_MOVE = YES;
				CLANG_WARN_UNREACHABLE_CODE = YES;
				CLANG_WARN__DUPLICATE_METHOD_MATCH = YES;
				"CODE_SIGN_IDENTITY[sdk=iphoneos*]" = "iPhone Developer";
				COPY_PHASE_STRIP = NO;
				DEBUG_INFORMATION_FORMAT = dwarf;
				ENABLE_STRICT_OBJC_MSGSEND = YES;
				ENABLE_TESTABILITY = YES;
				GCC_C_LANGUAGE_STANDARD = gnu99;
				GCC_DYNAMIC_NO_PIC = NO;
				GCC_NO_COMMON_BLOCKS = YES;
				GCC_OPTIMIZATION_LEVEL = 0;
				GCC_PREPROCESSOR_DEFINITIONS = (
					"DEBUG=1",
					"$(inherited)",
				);
				GCC_WARN_64_TO_32_BIT_CONVERSION = YES;
				GCC_WARN_ABOUT_RETURN_TYPE = YES_ERROR;
				GCC_WARN_UNDECLARED_SELECTOR = YES;
				GCC_WARN_UNINITIALIZED_AUTOS = YES_AGGRESSIVE;
				GCC_WARN_UNUSED_FUNCTION = YES;
				GCC_WARN_UNUSED_VARIABLE = YES;
				IPHONEOS_DEPLOYMENT_TARGET = 10.0;
				MTL_ENABLE_DEBUG_INFO = YES;
				ONLY_ACTIVE_ARCH = YES;
				SDKROOT = iphoneos;
				SWIFT_ACTIVE_COMPILATION_CONDITIONS = DEBUG;
				SWIFT_OPTIMIZATION_LEVEL = "-Onone";
			};
			name = Debug;
		};
		33334B9A1F0B740A001A970E /* Release */ = {
			isa = XCBuildConfiguration;
			buildSettings = {
				ALWAYS_SEARCH_USER_PATHS = NO;
				CLANG_ANALYZER_NONNULL = YES;
				CLANG_ANALYZER_NUMBER_OBJECT_CONVERSION = YES_AGGRESSIVE;
				CLANG_CXX_LANGUAGE_STANDARD = "gnu++0x";
				CLANG_CXX_LIBRARY = "libc++";
				CLANG_ENABLE_MODULES = YES;
				CLANG_ENABLE_OBJC_ARC = YES;
				CLANG_WARN_BOOL_CONVERSION = YES;
				CLANG_WARN_CONSTANT_CONVERSION = YES;
				CLANG_WARN_DIRECT_OBJC_ISA_USAGE = YES_ERROR;
				CLANG_WARN_DOCUMENTATION_COMMENTS = YES;
				CLANG_WARN_EMPTY_BODY = YES;
				CLANG_WARN_ENUM_CONVERSION = YES;
				CLANG_WARN_INFINITE_RECURSION = YES;
				CLANG_WARN_INT_CONVERSION = YES;
				CLANG_WARN_OBJC_ROOT_CLASS = YES_ERROR;
				CLANG_WARN_SUSPICIOUS_MOVE = YES;
				CLANG_WARN_UNREACHABLE_CODE = YES;
				CLANG_WARN__DUPLICATE_METHOD_MATCH = YES;
				"CODE_SIGN_IDENTITY[sdk=iphoneos*]" = "iPhone Developer";
				COPY_PHASE_STRIP = NO;
				DEBUG_INFORMATION_FORMAT = "dwarf-with-dsym";
				ENABLE_NS_ASSERTIONS = NO;
				ENABLE_STRICT_OBJC_MSGSEND = YES;
				GCC_C_LANGUAGE_STANDARD = gnu99;
				GCC_NO_COMMON_BLOCKS = YES;
				GCC_WARN_64_TO_32_BIT_CONVERSION = YES;
				GCC_WARN_ABOUT_RETURN_TYPE = YES_ERROR;
				GCC_WARN_UNDECLARED_SELECTOR = YES;
				GCC_WARN_UNINITIALIZED_AUTOS = YES_AGGRESSIVE;
				GCC_WARN_UNUSED_FUNCTION = YES;
				GCC_WARN_UNUSED_VARIABLE = YES;
				IPHONEOS_DEPLOYMENT_TARGET = 10.0;
				MTL_ENABLE_DEBUG_INFO = NO;
				SDKROOT = iphoneos;
				SWIFT_OPTIMIZATION_LEVEL = "-Owholemodule";
				VALIDATE_PRODUCT = YES;
			};
			name = Release;
		};
		33334B9C1F0B740A001A970E /* Debug */ = {
			isa = XCBuildConfiguration;
			baseConfigurationReference = 4A921267E19BDB82814DC8B9 /* Pods-htlive-ios.debug.xcconfig */;
			buildSettings = {
				ASSETCATALOG_COMPILER_APPICON_NAME = AppIcon;
				CODE_SIGN_ENTITLEMENTS = "htlive-ios/htlive-ios.entitlements";
				"CODE_SIGN_IDENTITY[sdk=iphoneos*]" = "iPhone Developer";
				DEAD_CODE_STRIPPING = NO;
				DEVELOPMENT_TEAM = H4925W78YQ;
				FRAMEWORK_SEARCH_PATHS = (
					"$(inherited)",
					"$(PROJECT_DIR)",
				);
				INFOPLIST_FILE = "htlive-ios/Info.plist";
				IPHONEOS_DEPLOYMENT_TARGET = 10.0;
				LD_RUNPATH_SEARCH_PATHS = "$(inherited) @executable_path/Frameworks";
				PRODUCT_BUNDLE_IDENTIFIER = "io.hypertrack.SendETA-iPhone";
				PRODUCT_NAME = "$(TARGET_NAME)";
				PROVISIONING_PROFILE_SPECIFIER = "";
				STRIP_INSTALLED_PRODUCT = NO;
				SWIFT_OBJC_BRIDGING_HEADER = "Bridging-Header.h";
				SWIFT_VERSION = 3.0;
			};
			name = Debug;
		};
		33334B9D1F0B740A001A970E /* Release */ = {
			isa = XCBuildConfiguration;
			baseConfigurationReference = 790284E1E83C2D3E59B456A0 /* Pods-htlive-ios.release.xcconfig */;
			buildSettings = {
				ASSETCATALOG_COMPILER_APPICON_NAME = AppIcon;
				CODE_SIGN_ENTITLEMENTS = "htlive-ios/htlive-ios.entitlements";
				"CODE_SIGN_IDENTITY[sdk=iphoneos*]" = "iPhone Developer";
				DEVELOPMENT_TEAM = H4925W78YQ;
				FRAMEWORK_SEARCH_PATHS = (
					"$(inherited)",
					"$(PROJECT_DIR)",
				);
				GCC_OPTIMIZATION_LEVEL = 0;
				INFOPLIST_FILE = "htlive-ios/Info.plist";
				IPHONEOS_DEPLOYMENT_TARGET = 10.0;
				LD_RUNPATH_SEARCH_PATHS = "$(inherited) @executable_path/Frameworks";
				PRODUCT_BUNDLE_IDENTIFIER = "io.hypertrack.SendETA-iPhone";
				PRODUCT_NAME = "$(TARGET_NAME)";
				PROVISIONING_PROFILE_SPECIFIER = "";
				SWIFT_OBJC_BRIDGING_HEADER = "Bridging-Header.h";
				SWIFT_VERSION = 3.0;
			};
			name = Release;
		};
/* End XCBuildConfiguration section */

/* Begin XCConfigurationList section */
		33334B811F0B740A001A970E /* Build configuration list for PBXProject "htlive-ios" */ = {
			isa = XCConfigurationList;
			buildConfigurations = (
				33334B991F0B740A001A970E /* Debug */,
				33334B9A1F0B740A001A970E /* Release */,
			);
			defaultConfigurationIsVisible = 0;
			defaultConfigurationName = Release;
		};
		33334B9B1F0B740A001A970E /* Build configuration list for PBXNativeTarget "htlive-ios" */ = {
			isa = XCConfigurationList;
			buildConfigurations = (
				33334B9C1F0B740A001A970E /* Debug */,
				33334B9D1F0B740A001A970E /* Release */,
			);
			defaultConfigurationIsVisible = 0;
			defaultConfigurationName = Release;
		};
/* End XCConfigurationList section */

/* Begin XCVersionGroup section */
		33334B901F0B740A001A970E /* htlive_ios.xcdatamodeld */ = {
			isa = XCVersionGroup;
			children = (
				33334B911F0B740A001A970E /* htlive_ios.xcdatamodel */,
			);
			currentVersion = 33334B911F0B740A001A970E /* htlive_ios.xcdatamodel */;
			path = htlive_ios.xcdatamodeld;
			sourceTree = "<group>";
			versionGroupType = wrapper.xcdatamodel;
		};
/* End XCVersionGroup section */
	};
	rootObject = 33334B7E1F0B740A001A970E /* Project object */;
}
